// !$*UTF8*$!
{
	archiveVersion = 1;
	classes = {
	};
	objectVersion = 46;
	objects = {

/* Begin PBXBuildFile section */
		82FF7C351C1F0FCF00FFCDC5 /* main.m in Sources */ = {isa = PBXBuildFile; fileRef = 82FF7C341C1F0FCF00FFCDC5 /* main.m */; };
		82FF7C381C1F0FCF00FFCDC5 /* AppDelegate.m in Sources */ = {isa = PBXBuildFile; fileRef = 82FF7C371C1F0FCF00FFCDC5 /* AppDelegate.m */; };
		82FF7C3B1C1F0FCF00FFCDC5 /* ViewController.m in Sources */ = {isa = PBXBuildFile; fileRef = 82FF7C3A1C1F0FCF00FFCDC5 /* ViewController.m */; };
		82FF7C3E1C1F0FCF00FFCDC5 /* Main.storyboard in Resources */ = {isa = PBXBuildFile; fileRef = 82FF7C3C1C1F0FCF00FFCDC5 /* Main.storyboard */; };
		82FF7C401C1F0FCF00FFCDC5 /* Assets.xcassets in Resources */ = {isa = PBXBuildFile; fileRef = 82FF7C3F1C1F0FCF00FFCDC5 /* Assets.xcassets */; };
		82FF7C431C1F0FCF00FFCDC5 /* LaunchScreen.storyboard in Resources */ = {isa = PBXBuildFile; fileRef = 82FF7C411C1F0FCF00FFCDC5 /* LaunchScreen.storyboard */; };
		82FF7C4E1C1F0FCF00FFCDC5 /* storyboardParcticeTests.m in Sources */ = {isa = PBXBuildFile; fileRef = 82FF7C4D1C1F0FCF00FFCDC5 /* storyboardParcticeTests.m */; };
		82FF7C591C1F0FCF00FFCDC5 /* storyboardParcticeUITests.m in Sources */ = {isa = PBXBuildFile; fileRef = 82FF7C581C1F0FCF00FFCDC5 /* storyboardParcticeUITests.m */; };
/* End PBXBuildFile section */

/* Begin PBXContainerItemProxy section */
		82FF7C4A1C1F0FCF00FFCDC5 /* PBXContainerItemProxy */ = {
			isa = PBXContainerItemProxy;
			containerPortal = 82FF7C281C1F0FCF00FFCDC5 /* Project object */;
			proxyType = 1;
			remoteGlobalIDString = 82FF7C2F1C1F0FCF00FFCDC5;
			remoteInfo = storyboardParctice;
		};
		82FF7C551C1F0FCF00FFCDC5 /* PBXContainerItemProxy */ = {
			isa = PBXContainerItemProxy;
			containerPortal = 82FF7C281C1F0FCF00FFCDC5 /* Project object */;
			proxyType = 1;
			remoteGlobalIDString = 82FF7C2F1C1F0FCF00FFCDC5;
			remoteInfo = storyboardParctice;
		};
/* End PBXContainerItemProxy section */

/* Begin PBXFileReference section */
		82FF7C301C1F0FCF00FFCDC5 /* storyboardParctice.app */ = {isa = PBXFileReference; explicitFileType = wrapper.application; includeInIndex = 0; path = storyboardParctice.app; sourceTree = BUILT_PRODUCTS_DIR; };
		82FF7C341C1F0FCF00FFCDC5 /* main.m */ = {isa = PBXFileReference; lastKnownFileType = sourcecode.c.objc; path = main.m; sourceTree = "<group>"; };
		82FF7C361C1F0FCF00FFCDC5 /* AppDelegate.h */ = {isa = PBXFileReference; lastKnownFileType = sourcecode.c.h; path = AppDelegate.h; sourceTree = "<group>"; };
		82FF7C371C1F0FCF00FFCDC5 /* AppDelegate.m */ = {isa = PBXFileReference; lastKnownFileType = sourcecode.c.objc; path = AppDelegate.m; sourceTree = "<group>"; };
		82FF7C391C1F0FCF00FFCDC5 /* ViewController.h */ = {isa = PBXFileReference; lastKnownFileType = sourcecode.c.h; path = ViewController.h; sourceTree = "<group>"; };
		82FF7C3A1C1F0FCF00FFCDC5 /* ViewController.m */ = {isa = PBXFileReference; lastKnownFileType = sourcecode.c.objc; path = ViewController.m; sourceTree = "<group>"; };
		82FF7C3D1C1F0FCF00FFCDC5 /* Base */ = {isa = PBXFileReference; lastKnownFileType = file.storyboard; name = Base; path = Base.lproj/Main.storyboard; sourceTree = "<group>"; };
		82FF7C3F1C1F0FCF00FFCDC5 /* Assets.xcassets */ = {isa = PBXFileReference; lastKnownFileType = folder.assetcatalog; path = Assets.xcassets; sourceTree = "<group>"; };
		82FF7C421C1F0FCF00FFCDC5 /* Base */ = {isa = PBXFileReference; lastKnownFileType = file.storyboard; name = Base; path = Base.lproj/LaunchScreen.storyboard; sourceTree = "<group>"; };
		82FF7C441C1F0FCF00FFCDC5 /* Info.plist */ = {isa = PBXFileReference; lastKnownFileType = text.plist.xml; path = Info.plist; sourceTree = "<group>"; };
		82FF7C491C1F0FCF00FFCDC5 /* storyboardParcticeTests.xctest */ = {isa = PBXFileReference; explicitFileType = wrapper.cfbundle; includeInIndex = 0; path = storyboardParcticeTests.xctest; sourceTree = BUILT_PRODUCTS_DIR; };
		82FF7C4D1C1F0FCF00FFCDC5 /* storyboardParcticeTests.m */ = {isa = PBXFileReference; lastKnownFileType = sourcecode.c.objc; path = storyboardParcticeTests.m; sourceTree = "<group>"; };
		82FF7C4F1C1F0FCF00FFCDC5 /* Info.plist */ = {isa = PBXFileReference; lastKnownFileType = text.plist.xml; path = Info.plist; sourceTree = "<group>"; };
		82FF7C541C1F0FCF00FFCDC5 /* storyboardParcticeUITests.xctest */ = {isa = PBXFileReference; explicitFileType = wrapper.cfbundle; includeInIndex = 0; path = storyboardParcticeUITests.xctest; sourceTree = BUILT_PRODUCTS_DIR; };
		82FF7C581C1F0FCF00FFCDC5 /* storyboardParcticeUITests.m */ = {isa = PBXFileReference; lastKnownFileType = sourcecode.c.objc; path = storyboardParcticeUITests.m; sourceTree = "<group>"; };
		82FF7C5A1C1F0FCF00FFCDC5 /* Info.plist */ = {isa = PBXFileReference; lastKnownFileType = text.plist.xml; path = Info.plist; sourceTree = "<group>"; };
/* End PBXFileReference section */

/* Begin PBXFrameworksBuildPhase section */
		82FF7C2D1C1F0FCF00FFCDC5 /* Frameworks */ = {
			isa = PBXFrameworksBuildPhase;
			buildActionMask = 2147483647;
			files = (
			);
			runOnlyForDeploymentPostprocessing = 0;
		};
		82FF7C461C1F0FCF00FFCDC5 /* Frameworks */ = {
			isa = PBXFrameworksBuildPhase;
			buildActionMask = 2147483647;
			files = (
			);
			runOnlyForDeploymentPostprocessing = 0;
		};
		82FF7C511C1F0FCF00FFCDC5 /* Frameworks */ = {
			isa = PBXFrameworksBuildPhase;
			buildActionMask = 2147483647;
			files = (
			);
			runOnlyForDeploymentPostprocessing = 0;
		};
/* End PBXFrameworksBuildPhase section */

/* Begin PBXGroup section */
		82FF7C271C1F0FCF00FFCDC5 = {
			isa = PBXGroup;
			children = (
				82FF7C321C1F0FCF00FFCDC5 /* storyboardParctice */,
				82FF7C4C1C1F0FCF00FFCDC5 /* storyboardParcticeTests */,
				82FF7C571C1F0FCF00FFCDC5 /* storyboardParcticeUITests */,
				82FF7C311C1F0FCF00FFCDC5 /* Products */,
			);
			sourceTree = "<group>";
		};
		82FF7C311C1F0FCF00FFCDC5 /* Products */ = {
			isa = PBXGroup;
			children = (
				82FF7C301C1F0FCF00FFCDC5 /* storyboardParctice.app */,
				82FF7C491C1F0FCF00FFCDC5 /* storyboardParcticeTests.xctest */,
				82FF7C541C1F0FCF00FFCDC5 /* storyboardParcticeUITests.xctest */,
			);
			name = Products;
			sourceTree = "<group>";
		};
		82FF7C321C1F0FCF00FFCDC5 /* storyboardParctice */ = {
			isa = PBXGroup;
			children = (
				82FF7C361C1F0FCF00FFCDC5 /* AppDelegate.h */,
				82FF7C371C1F0FCF00FFCDC5 /* AppDelegate.m */,
				82FF7C391C1F0FCF00FFCDC5 /* ViewController.h */,
				82FF7C3A1C1F0FCF00FFCDC5 /* ViewController.m */,
				82FF7C3C1C1F0FCF00FFCDC5 /* Main.storyboard */,
				82FF7C3F1C1F0FCF00FFCDC5 /* Assets.xcassets */,
				82FF7C411C1F0FCF00FFCDC5 /* LaunchScreen.storyboard */,
				82FF7C441C1F0FCF00FFCDC5 /* Info.plist */,
				82FF7C331C1F0FCF00FFCDC5 /* Supporting Files */,
			);
			path = storyboardParctice;
			sourceTree = "<group>";
		};
		82FF7C331C1F0FCF00FFCDC5 /* Supporting Files */ = {
			isa = PBXGroup;
			children = (
				82FF7C341C1F0FCF00FFCDC5 /* main.m */,
			);
			name = "Supporting Files";
			sourceTree = "<group>";
		};
		82FF7C4C1C1F0FCF00FFCDC5 /* storyboardParcticeTests */ = {
			isa = PBXGroup;
			children = (
				82FF7C4D1C1F0FCF00FFCDC5 /* storyboardParcticeTests.m */,
				82FF7C4F1C1F0FCF00FFCDC5 /* Info.plist */,
			);
			path = storyboardParcticeTests;
			sourceTree = "<group>";
		};
		82FF7C571C1F0FCF00FFCDC5 /* storyboardParcticeUITests */ = {
			isa = PBXGroup;
			children = (
				82FF7C581C1F0FCF00FFCDC5 /* storyboardParcticeUITests.m */,
				82FF7C5A1C1F0FCF00FFCDC5 /* Info.plist */,
			);
			path = storyboardParcticeUITests;
			sourceTree = "<group>";
		};
/* End PBXGroup section */

/* Begin PBXNativeTarget section */
		82FF7C2F1C1F0FCF00FFCDC5 /* storyboardParctice */ = {
			isa = PBXNativeTarget;
			buildConfigurationList = 82FF7C5D1C1F0FCF00FFCDC5 /* Build configuration list for PBXNativeTarget "storyboardParctice" */;
			buildPhases = (
				82FF7C2C1C1F0FCF00FFCDC5 /* Sources */,
				82FF7C2D1C1F0FCF00FFCDC5 /* Frameworks */,
				82FF7C2E1C1F0FCF00FFCDC5 /* Resources */,
			);
			buildRules = (
			);
			dependencies = (
			);
			name = storyboardParctice;
			productName = storyboardParctice;
			productReference = 82FF7C301C1F0FCF00FFCDC5 /* storyboardParctice.app */;
			productType = "com.apple.product-type.application";
		};
		82FF7C481C1F0FCF00FFCDC5 /* storyboardParcticeTests */ = {
			isa = PBXNativeTarget;
			buildConfigurationList = 82FF7C601C1F0FCF00FFCDC5 /* Build configuration list for PBXNativeTarget "storyboardParcticeTests" */;
			buildPhases = (
				82FF7C451C1F0FCF00FFCDC5 /* Sources */,
				82FF7C461C1F0FCF00FFCDC5 /* Frameworks */,
				82FF7C471C1F0FCF00FFCDC5 /* Resources */,
			);
			buildRules = (
			);
			dependencies = (
				82FF7C4B1C1F0FCF00FFCDC5 /* PBXTargetDependency */,
			);
			name = storyboardParcticeTests;
			productName = storyboardParcticeTests;
			productReference = 82FF7C491C1F0FCF00FFCDC5 /* storyboardParcticeTests.xctest */;
			productType = "com.apple.product-type.bundle.unit-test";
		};
		82FF7C531C1F0FCF00FFCDC5 /* storyboardParcticeUITests */ = {
			isa = PBXNativeTarget;
			buildConfigurationList = 82FF7C631C1F0FCF00FFCDC5 /* Build configuration list for PBXNativeTarget "storyboardParcticeUITests" */;
			buildPhases = (
				82FF7C501C1F0FCF00FFCDC5 /* Sources */,
				82FF7C511C1F0FCF00FFCDC5 /* Frameworks */,
				82FF7C521C1F0FCF00FFCDC5 /* Resources */,
			);
			buildRules = (
			);
			dependencies = (
				82FF7C561C1F0FCF00FFCDC5 /* PBXTargetDependency */,
			);
			name = storyboardParcticeUITests;
			productName = storyboardParcticeUITests;
			productReference = 82FF7C541C1F0FCF00FFCDC5 /* storyboardParcticeUITests.xctest */;
			productType = "com.apple.product-type.bundle.ui-testing";
		};
/* End PBXNativeTarget section */

/* Begin PBXProject section */
		82FF7C281C1F0FCF00FFCDC5 /* Project object */ = {
			isa = PBXProject;
			attributes = {
				LastUpgradeCheck = 0710;
				ORGANIZATIONNAME = "戒惜舍得";
				TargetAttributes = {
					82FF7C2F1C1F0FCF00FFCDC5 = {
						CreatedOnToolsVersion = 7.1.1;
						DevelopmentTeam = GD2M6UBG8F;
					};
					82FF7C481C1F0FCF00FFCDC5 = {
						CreatedOnToolsVersion = 7.1.1;
						DevelopmentTeam = GD2M6UBG8F;
						TestTargetID = 82FF7C2F1C1F0FCF00FFCDC5;
					};
					82FF7C531C1F0FCF00FFCDC5 = {
						CreatedOnToolsVersion = 7.1.1;
						DevelopmentTeam = GD2M6UBG8F;
						TestTargetID = 82FF7C2F1C1F0FCF00FFCDC5;
					};
				};
			};
			buildConfigurationList = 82FF7C2B1C1F0FCF00FFCDC5 /* Build configuration list for PBXProject "storyboardParctice" */;
			compatibilityVersion = "Xcode 3.2";
			developmentRegion = English;
			hasScannedForEncodings = 0;
			knownRegions = (
				en,
				Base,
			);
			mainGroup = 82FF7C271C1F0FCF00FFCDC5;
			productRefGroup = 82FF7C311C1F0FCF00FFCDC5 /* Products */;
			projectDirPath = "";
			projectRoot = "";
			targets = (
				82FF7C2F1C1F0FCF00FFCDC5 /* storyboardParctice */,
				82FF7C481C1F0FCF00FFCDC5 /* storyboardParcticeTests */,
				82FF7C531C1F0FCF00FFCDC5 /* storyboardParcticeUITests */,
			);
		};
/* End PBXProject section */

/* Begin PBXResourcesBuildPhase section */
		82FF7C2E1C1F0FCF00FFCDC5 /* Resources */ = {
			isa = PBXResourcesBuildPhase;
			buildActionMask = 2147483647;
			files = (
				82FF7C431C1F0FCF00FFCDC5 /* LaunchScreen.storyboard in Resources */,
				82FF7C401C1F0FCF00FFCDC5 /* Assets.xcassets in Resources */,
				82FF7C3E1C1F0FCF00FFCDC5 /* Main.storyboard in Resources */,
			);
			runOnlyForDeploymentPostprocessing = 0;
		};
		82FF7C471C1F0FCF00FFCDC5 /* Resources */ = {
			isa = PBXResourcesBuildPhase;
			buildActionMask = 2147483647;
			files = (
			);
			runOnlyForDeploymentPostprocessing = 0;
		};
		82FF7C521C1F0FCF00FFCDC5 /* Resources */ = {
			isa = PBXResourcesBuildPhase;
			buildActionMask = 2147483647;
			files = (
			);
			runOnlyForDeploymentPostprocessing = 0;
		};
/* End PBXResourcesBuildPhase section */

/* Begin PBXSourcesBuildPhase section */
		82FF7C2C1C1F0FCF00FFCDC5 /* Sources */ = {
			isa = PBXSourcesBuildPhase;
			buildActionMask = 2147483647;
			files = (
				82FF7C3B1C1F0FCF00FFCDC5 /* ViewController.m in Sources */,
				82FF7C381C1F0FCF00FFCDC5 /* AppDelegate.m in Sources */,
				82FF7C351C1F0FCF00FFCDC5 /* main.m in Sources */,
			);
			runOnlyForDeploymentPostprocessing = 0;
		};
		82FF7C451C1F0FCF00FFCDC5 /* Sources */ = {
			isa = PBXSourcesBuildPhase;
			buildActionMask = 2147483647;
			files = (
				82FF7C4E1C1F0FCF00FFCDC5 /* storyboardParcticeTests.m in Sources */,
			);
			runOnlyForDeploymentPostprocessing = 0;
		};
		82FF7C501C1F0FCF00FFCDC5 /* Sources */ = {
			isa = PBXSourcesBuildPhase;
			buildActionMask = 2147483647;
			files = (
				82FF7C591C1F0FCF00FFCDC5 /* storyboardParcticeUITests.m in Sources */,
			);
			runOnlyForDeploymentPostprocessing = 0;
		};
/* End PBXSourcesBuildPhase section */

/* Begin PBXTargetDependency section */
		82FF7C4B1C1F0FCF00FFCDC5 /* PBXTargetDependency */ = {
			isa = PBXTargetDependency;
			target = 82FF7C2F1C1F0FCF00FFCDC5 /* storyboardParctice */;
			targetProxy = 82FF7C4A1C1F0FCF00FFCDC5 /* PBXContainerItemProxy */;
		};
		82FF7C561C1F0FCF00FFCDC5 /* PBXTargetDependency */ = {
			isa = PBXTargetDependency;
			target = 82FF7C2F1C1F0FCF00FFCDC5 /* storyboardParctice */;
			targetProxy = 82FF7C551C1F0FCF00FFCDC5 /* PBXContainerItemProxy */;
		};
/* End PBXTargetDependency section */

/* Begin PBXVariantGroup section */
		82FF7C3C1C1F0FCF00FFCDC5 /* Main.storyboard */ = {
			isa = PBXVariantGroup;
			children = (
				82FF7C3D1C1F0FCF00FFCDC5 /* Base */,
			);
			name = Main.storyboard;
			sourceTree = "<group>";
		};
		82FF7C411C1F0FCF00FFCDC5 /* LaunchScreen.storyboard */ = {
			isa = PBXVariantGroup;
			children = (
				82FF7C421C1F0FCF00FFCDC5 /* Base */,
			);
			name = LaunchScreen.storyboard;
			sourceTree = "<group>";
		};
/* End PBXVariantGroup section */

/* Begin XCBuildConfiguration section */
		82FF7C5B1C1F0FCF00FFCDC5 /* Debug */ = {
			isa = XCBuildConfiguration;
			buildSettings = {
				ALWAYS_SEARCH_USER_PATHS = NO;
				CLANG_CXX_LANGUAGE_STANDARD = "gnu++0x";
				CLANG_CXX_LIBRARY = "libc++";
				CLANG_ENABLE_MODULES = YES;
				CLANG_ENABLE_OBJC_ARC = YES;
				CLANG_WARN_BOOL_CONVERSION = YES;
				CLANG_WARN_CONSTANT_CONVERSION = YES;
				CLANG_WARN_DIRECT_OBJC_ISA_USAGE = YES_ERROR;
				CLANG_WARN_EMPTY_BODY = YES;
				CLANG_WARN_ENUM_CONVERSION = YES;
				CLANG_WARN_INT_CONVERSION = YES;
				CLANG_WARN_OBJC_ROOT_CLASS = YES_ERROR;
				CLANG_WARN_UNREACHABLE_CODE = YES;
				CLANG_WARN__DUPLICATE_METHOD_MATCH = YES;
				"CODE_SIGN_IDENTITY[sdk=iphoneos*]" = "iPhone Developer";
				COPY_PHASE_STRIP = NO;
				DEBUG_INFORMATION_FORMAT = dwarf;
				ENABLE_STRICT_OBJC_MSGSEND = YES;
				ENABLE_TESTABILITY = YES;
				GCC_C_LANGUAGE_STANDARD = gnu99;
				GCC_DYNAMIC_NO_PIC = NO;
				GCC_NO_COMMON_BLOCKS = YES;
				GCC_OPTIMIZATION_LEVEL = 0;
				GCC_PREPROCESSOR_DEFINITIONS = (
					"DEBUG=1",
					"$(inherited)",
				);
				GCC_WARN_64_TO_32_BIT_CONVERSION = YES;
				GCC_WARN_ABOUT_RETURN_TYPE = YES_ERROR;
				GCC_WARN_UNDECLARED_SELECTOR = YES;
				GCC_WARN_UNINITIALIZED_AUTOS = YES_AGGRESSIVE;
				GCC_WARN_UNUSED_FUNCTION = YES;
				GCC_WARN_UNUSED_VARIABLE = YES;
				IPHONEOS_DEPLOYMENT_TARGET = 9.1;
				MTL_ENABLE_DEBUG_INFO = YES;
				ONLY_ACTIVE_ARCH = YES;
				SDKROOT = iphoneos;
				TARGETED_DEVICE_FAMILY = "1,2";
			};
			name = Debug;
		};
		82FF7C5C1C1F0FCF00FFCDC5 /* Release */ = {
			isa = XCBuildConfiguration;
			buildSettings = {
				ALWAYS_SEARCH_USER_PATHS = NO;
				CLANG_CXX_LANGUAGE_STANDARD = "gnu++0x";
				CLANG_CXX_LIBRARY = "libc++";
				CLANG_ENABLE_MODULES = YES;
				CLANG_ENABLE_OBJC_ARC = YES;
				CLANG_WARN_BOOL_CONVERSION = YES;
				CLANG_WARN_CONSTANT_CONVERSION = YES;
				CLANG_WARN_DIRECT_OBJC_ISA_USAGE = YES_ERROR;
				CLANG_WARN_EMPTY_BODY = YES;
				CLANG_WARN_ENUM_CONVERSION = YES;
				CLANG_WARN_INT_CONVERSION = YES;
				CLANG_WARN_OBJC_ROOT_CLASS = YES_ERROR;
				CLANG_WARN_UNREACHABLE_CODE = YES;
				CLANG_WARN__DUPLICATE_METHOD_MATCH = YES;
				"CODE_SIGN_IDENTITY[sdk=iphoneos*]" = "iPhone Developer";
				COPY_PHASE_STRIP = NO;
				DEBUG_INFORMATION_FORMAT = "dwarf-with-dsym";
				ENABLE_NS_ASSERTIONS = NO;
				ENABLE_STRICT_OBJC_MSGSEND = YES;
				GCC_C_LANGUAGE_STANDARD = gnu99;
				GCC_NO_COMMON_BLOCKS = YES;
				GCC_WARN_64_TO_32_BIT_CONVERSION = YES;
				GCC_WARN_ABOUT_RETURN_TYPE = YES_ERROR;
				GCC_WARN_UNDECLARED_SELECTOR = YES;
				GCC_WARN_UNINITIALIZED_AUTOS = YES_AGGRESSIVE;
				GCC_WARN_UNUSED_FUNCTION = YES;
				GCC_WARN_UNUSED_VARIABLE = YES;
				IPHONEOS_DEPLOYMENT_TARGET = 9.1;
				MTL_ENABLE_DEBUG_INFO = NO;
				SDKROOT = iphoneos;
				TARGETED_DEVICE_FAMILY = "1,2";
				VALIDATE_PRODUCT = YES;
			};
			name = Release;
		};
		82FF7C5E1C1F0FCF00FFCDC5 /* Debug */ = {
			isa = XCBuildConfiguration;
			buildSettings = {
				ASSETCATALOG_COMPILER_APPICON_NAME = AppIcon;
				INFOPLIST_FILE = storyboardParctice/Info.plist;
				LD_RUNPATH_SEARCH_PATHS = "$(inherited) @executable_path/Frameworks";
				PRODUCT_BUNDLE_IDENTIFIER = Hafy.storyboardParctice;
				PRODUCT_NAME = "$(TARGET_NAME)";
			};
			name = Debug;
		};
		82FF7C5F1C1F0FCF00FFCDC5 /* Release */ = {
			isa = XCBuildConfiguration;
			buildSettings = {
				ASSETCATALOG_COMPILER_APPICON_NAME = AppIcon;
				INFOPLIST_FILE = storyboardParctice/Info.plist;
				LD_RUNPATH_SEARCH_PATHS = "$(inherited) @executable_path/Frameworks";
				PRODUCT_BUNDLE_IDENTIFIER = Hafy.storyboardParctice;
				PRODUCT_NAME = "$(TARGET_NAME)";
			};
			name = Release;
		};
		82FF7C611C1F0FCF00FFCDC5 /* Debug */ = {
			isa = XCBuildConfiguration;
			buildSettings = {
				BUNDLE_LOADER = "$(TEST_HOST)";
				INFOPLIST_FILE = storyboardParcticeTests/Info.plist;
				LD_RUNPATH_SEARCH_PATHS = "$(inherited) @executable_path/Frameworks @loader_path/Frameworks";
				PRODUCT_BUNDLE_IDENTIFIER = Hafy.storyboardParcticeTests;
				PRODUCT_NAME = "$(TARGET_NAME)";
				TEST_HOST = "$(BUILT_PRODUCTS_DIR)/storyboardParctice.app/storyboardParctice";
			};
			name = Debug;
		};
		82FF7C621C1F0FCF00FFCDC5 /* Release */ = {
			isa = XCBuildConfiguration;
			buildSettings = {
				BUNDLE_LOADER = "$(TEST_HOST)";
				INFOPLIST_FILE = storyboardParcticeTests/Info.plist;
				LD_RUNPATH_SEARCH_PATHS = "$(inherited) @executable_path/Frameworks @loader_path/Frameworks";
				PRODUCT_BUNDLE_IDENTIFIER = Hafy.storyboardParcticeTests;
				PRODUCT_NAME = "$(TARGET_NAME)";
				TEST_HOST = "$(BUILT_PRODUCTS_DIR)/storyboardParctice.app/storyboardParctice";
			};
			name = Release;
		};
		82FF7C641C1F0FCF00FFCDC5 /* Debug */ = {
			isa = XCBuildConfiguration;
			buildSettings = {
				INFOPLIST_FILE = storyboardParcticeUITests/Info.plist;
				LD_RUNPATH_SEARCH_PATHS = "$(inherited) @executable_path/Frameworks @loader_path/Frameworks";
				PRODUCT_BUNDLE_IDENTIFIER = Hafy.storyboardParcticeUITests;
				PRODUCT_NAME = "$(TARGET_NAME)";
				TEST_TARGET_NAME = storyboardParctice;
				USES_XCTRUNNER = YES;
			};
			name = Debug;
		};
		82FF7C651C1F0FCF00FFCDC5 /* Release */ = {
			isa = XCBuildConfiguration;
			buildSettings = {
				INFOPLIST_FILE = storyboardParcticeUITests/Info.plist;
				LD_RUNPATH_SEARCH_PATHS = "$(inherited) @executable_path/Frameworks @loader_path/Frameworks";
				PRODUCT_BUNDLE_IDENTIFIER = Hafy.storyboardParcticeUITests;
				PRODUCT_NAME = "$(TARGET_NAME)";
				TEST_TARGET_NAME = storyboardParctice;
				USES_XCTRUNNER = YES;
			};
			name = Release;
		};
/* End XCBuildConfiguration section */

/* Begin XCConfigurationList section */
		82FF7C2B1C1F0FCF00FFCDC5 /* Build configuration list for PBXProject "storyboardParctice" */ = {
			isa = XCConfigurationList;
			buildConfigurations = (
				82FF7C5B1C1F0FCF00FFCDC5 /* Debug */,
				82FF7C5C1C1F0FCF00FFCDC5 /* Release */,
			);
			defaultConfigurationIsVisible = 0;
			defaultConfigurationName = Release;
		};
		82FF7C5D1C1F0FCF00FFCDC5 /* Build configuration list for PBXNativeTarget "storyboardParctice" */ = {
			isa = XCConfigurationList;
			buildConfigurations = (
				82FF7C5E1C1F0FCF00FFCDC5 /* Debug */,
				82FF7C5F1C1F0FCF00FFCDC5 /* Release */,
			);
			defaultConfigurationIsVisible = 0;
		};
		82FF7C601C1F0FCF00FFCDC5 /* Build configuration list for PBXNativeTarget "storyboardParcticeTests" */ = {
			isa = XCConfigurationList;
			buildConfigurations = (
				82FF7C611C1F0FCF00FFCDC5 /* Debug */,
				82FF7C621C1F0FCF00FFCDC5 /* Release */,
			);
			defaultConfigurationIsVisible = 0;
		};
		82FF7C631C1F0FCF00FFCDC5 /* Build configuration list for PBXNativeTarget "storyboardParcticeUITests" */ = {
			isa = XCConfigurationList;
			buildConfigurations = (
				82FF7C641C1F0FCF00FFCDC5 /* Debug */,
				82FF7C651C1F0FCF00FFCDC5 /* Release */,
			);
			defaultConfigurationIsVisible = 0;
		};
/* End XCConfigurationList section */
	};
	rootObject = 82FF7C281C1F0FCF00FFCDC5 /* Project object */;
}
