// !$*UTF8*$!
{
	archiveVersion = 1;
	classes = {
	};
	objectVersion = 46;
	objects = {

/* Begin PBXBuildFile section */
		82BB7CEC1B8DBCFC00E8C251 /* main.m in Sources */ = {isa = PBXBuildFile; fileRef = 82BB7CEB1B8DBCFC00E8C251 /* main.m */; };
		82BB7CEF1B8DBCFC00E8C251 /* AppDelegate.m in Sources */ = {isa = PBXBuildFile; fileRef = 82BB7CEE1B8DBCFC00E8C251 /* AppDelegate.m */; };
		82BB7CF51B8DBCFC00E8C251 /* Main.storyboard in Resources */ = {isa = PBXBuildFile; fileRef = 82BB7CF31B8DBCFC00E8C251 /* Main.storyboard */; };
		82BB7CF71B8DBCFC00E8C251 /* Images.xcassets in Resources */ = {isa = PBXBuildFile; fileRef = 82BB7CF61B8DBCFC00E8C251 /* Images.xcassets */; };
		82BB7CFA1B8DBCFC00E8C251 /* LaunchScreen.xib in Resources */ = {isa = PBXBuildFile; fileRef = 82BB7CF81B8DBCFC00E8C251 /* LaunchScreen.xib */; };
		82BB7D061B8DBCFC00E8C251 /* TestTableViewCellTests.m in Sources */ = {isa = PBXBuildFile; fileRef = 82BB7D051B8DBCFC00E8C251 /* TestTableViewCellTests.m */; };
		82F73AAD1B8EBB6600A98AD8 /* TableViewController.m in Sources */ = {isa = PBXBuildFile; fileRef = 82F73AAC1B8EBB6600A98AD8 /* TableViewController.m */; };
		82F73AB01B8EBC3F00A98AD8 /* MyTableViewCell.m in Sources */ = {isa = PBXBuildFile; fileRef = 82F73AAF1B8EBC3F00A98AD8 /* MyTableViewCell.m */; };
/* End PBXBuildFile section */

/* Begin PBXContainerItemProxy section */
		82BB7D001B8DBCFC00E8C251 /* PBXContainerItemProxy */ = {
			isa = PBXContainerItemProxy;
			containerPortal = 82BB7CDE1B8DBCFC00E8C251 /* Project object */;
			proxyType = 1;
			remoteGlobalIDString = 82BB7CE51B8DBCFC00E8C251;
			remoteInfo = TestTableViewCell;
		};
/* End PBXContainerItemProxy section */

/* Begin PBXFileReference section */
		82BB7CE61B8DBCFC00E8C251 /* TestTableViewCell.app */ = {isa = PBXFileReference; explicitFileType = wrapper.application; includeInIndex = 0; path = TestTableViewCell.app; sourceTree = BUILT_PRODUCTS_DIR; };
		82BB7CEA1B8DBCFC00E8C251 /* Info.plist */ = {isa = PBXFileReference; lastKnownFileType = text.plist.xml; path = Info.plist; sourceTree = "<group>"; };
		82BB7CEB1B8DBCFC00E8C251 /* main.m */ = {isa = PBXFileReference; lastKnownFileType = sourcecode.c.objc; path = main.m; sourceTree = "<group>"; };
		82BB7CED1B8DBCFC00E8C251 /* AppDelegate.h */ = {isa = PBXFileReference; lastKnownFileType = sourcecode.c.h; path = AppDelegate.h; sourceTree = "<group>"; };
		82BB7CEE1B8DBCFC00E8C251 /* AppDelegate.m */ = {isa = PBXFileReference; lastKnownFileType = sourcecode.c.objc; path = AppDelegate.m; sourceTree = "<group>"; };
		82BB7CF41B8DBCFC00E8C251 /* Base */ = {isa = PBXFileReference; lastKnownFileType = file.storyboard; name = Base; path = Base.lproj/Main.storyboard; sourceTree = "<group>"; };
		82BB7CF61B8DBCFC00E8C251 /* Images.xcassets */ = {isa = PBXFileReference; lastKnownFileType = folder.assetcatalog; path = Images.xcassets; sourceTree = "<group>"; };
		82BB7CF91B8DBCFC00E8C251 /* Base */ = {isa = PBXFileReference; lastKnownFileType = file.xib; name = Base; path = Base.lproj/LaunchScreen.xib; sourceTree = "<group>"; };
		82BB7CFF1B8DBCFC00E8C251 /* TestTableViewCellTests.xctest */ = {isa = PBXFileReference; explicitFileType = wrapper.cfbundle; includeInIndex = 0; path = TestTableViewCellTests.xctest; sourceTree = BUILT_PRODUCTS_DIR; };
		82BB7D041B8DBCFC00E8C251 /* Info.plist */ = {isa = PBXFileReference; lastKnownFileType = text.plist.xml; path = Info.plist; sourceTree = "<group>"; };
		82BB7D051B8DBCFC00E8C251 /* TestTableViewCellTests.m */ = {isa = PBXFileReference; lastKnownFileType = sourcecode.c.objc; path = TestTableViewCellTests.m; sourceTree = "<group>"; };
		82F73AAB1B8EBB6600A98AD8 /* TableViewController.h */ = {isa = PBXFileReference; fileEncoding = 4; lastKnownFileType = sourcecode.c.h; path = TableViewController.h; sourceTree = "<group>"; };
		82F73AAC1B8EBB6600A98AD8 /* TableViewController.m */ = {isa = PBXFileReference; fileEncoding = 4; lastKnownFileType = sourcecode.c.objc; path = TableViewController.m; sourceTree = "<group>"; };
		82F73AAE1B8EBC3F00A98AD8 /* MyTableViewCell.h */ = {isa = PBXFileReference; fileEncoding = 4; lastKnownFileType = sourcecode.c.h; path = MyTableViewCell.h; sourceTree = "<group>"; };
		82F73AAF1B8EBC3F00A98AD8 /* MyTableViewCell.m */ = {isa = PBXFileReference; fileEncoding = 4; lastKnownFileType = sourcecode.c.objc; path = MyTableViewCell.m; sourceTree = "<group>"; };
/* End PBXFileReference section */

/* Begin PBXFrameworksBuildPhase section */
		82BB7CE31B8DBCFC00E8C251 /* Frameworks */ = {
			isa = PBXFrameworksBuildPhase;
			buildActionMask = 2147483647;
			files = (
			);
			runOnlyForDeploymentPostprocessing = 0;
		};
		82BB7CFC1B8DBCFC00E8C251 /* Frameworks */ = {
			isa = PBXFrameworksBuildPhase;
			buildActionMask = 2147483647;
			files = (
			);
			runOnlyForDeploymentPostprocessing = 0;
		};
/* End PBXFrameworksBuildPhase section */

/* Begin PBXGroup section */
		82BB7CDD1B8DBCFC00E8C251 = {
			isa = PBXGroup;
			children = (
				82BB7CE81B8DBCFC00E8C251 /* TestTableViewCell */,
				82BB7D021B8DBCFC00E8C251 /* TestTableViewCellTests */,
				82BB7CE71B8DBCFC00E8C251 /* Products */,
			);
			sourceTree = "<group>";
		};
		82BB7CE71B8DBCFC00E8C251 /* Products */ = {
			isa = PBXGroup;
			children = (
				82BB7CE61B8DBCFC00E8C251 /* TestTableViewCell.app */,
				82BB7CFF1B8DBCFC00E8C251 /* TestTableViewCellTests.xctest */,
			);
			name = Products;
			sourceTree = "<group>";
		};
		82BB7CE81B8DBCFC00E8C251 /* TestTableViewCell */ = {
			isa = PBXGroup;
			children = (
				82BB7CED1B8DBCFC00E8C251 /* AppDelegate.h */,
				82BB7CEE1B8DBCFC00E8C251 /* AppDelegate.m */,
				82F73AAB1B8EBB6600A98AD8 /* TableViewController.h */,
				82F73AAE1B8EBC3F00A98AD8 /* MyTableViewCell.h */,
				82F73AAF1B8EBC3F00A98AD8 /* MyTableViewCell.m */,
				82F73AAC1B8EBB6600A98AD8 /* TableViewController.m */,
				82BB7CF31B8DBCFC00E8C251 /* Main.storyboard */,
				82BB7CF61B8DBCFC00E8C251 /* Images.xcassets */,
				82BB7CF81B8DBCFC00E8C251 /* LaunchScreen.xib */,
				82BB7CE91B8DBCFC00E8C251 /* Supporting Files */,
			);
			path = TestTableViewCell;
			sourceTree = "<group>";
		};
		82BB7CE91B8DBCFC00E8C251 /* Supporting Files */ = {
			isa = PBXGroup;
			children = (
				82BB7CEA1B8DBCFC00E8C251 /* Info.plist */,
				82BB7CEB1B8DBCFC00E8C251 /* main.m */,
			);
			name = "Supporting Files";
			sourceTree = "<group>";
		};
		82BB7D021B8DBCFC00E8C251 /* TestTableViewCellTests */ = {
			isa = PBXGroup;
			children = (
				82BB7D051B8DBCFC00E8C251 /* TestTableViewCellTests.m */,
				82BB7D031B8DBCFC00E8C251 /* Supporting Files */,
			);
			path = TestTableViewCellTests;
			sourceTree = "<group>";
		};
		82BB7D031B8DBCFC00E8C251 /* Supporting Files */ = {
			isa = PBXGroup;
			children = (
				82BB7D041B8DBCFC00E8C251 /* Info.plist */,
			);
			name = "Supporting Files";
			sourceTree = "<group>";
		};
/* End PBXGroup section */

/* Begin PBXNativeTarget section */
		82BB7CE51B8DBCFC00E8C251 /* TestTableViewCell */ = {
			isa = PBXNativeTarget;
			buildConfigurationList = 82BB7D091B8DBCFC00E8C251 /* Build configuration list for PBXNativeTarget "TestTableViewCell" */;
			buildPhases = (
				82BB7CE21B8DBCFC00E8C251 /* Sources */,
				82BB7CE31B8DBCFC00E8C251 /* Frameworks */,
				82BB7CE41B8DBCFC00E8C251 /* Resources */,
			);
			buildRules = (
			);
			dependencies = (
			);
			name = TestTableViewCell;
			productName = TestTableViewCell;
			productReference = 82BB7CE61B8DBCFC00E8C251 /* TestTableViewCell.app */;
			productType = "com.apple.product-type.application";
		};
		82BB7CFE1B8DBCFC00E8C251 /* TestTableViewCellTests */ = {
			isa = PBXNativeTarget;
			buildConfigurationList = 82BB7D0C1B8DBCFC00E8C251 /* Build configuration list for PBXNativeTarget "TestTableViewCellTests" */;
			buildPhases = (
				82BB7CFB1B8DBCFC00E8C251 /* Sources */,
				82BB7CFC1B8DBCFC00E8C251 /* Frameworks */,
				82BB7CFD1B8DBCFC00E8C251 /* Resources */,
			);
			buildRules = (
			);
			dependencies = (
				82BB7D011B8DBCFC00E8C251 /* PBXTargetDependency */,
			);
			name = TestTableViewCellTests;
			productName = TestTableViewCellTests;
			productReference = 82BB7CFF1B8DBCFC00E8C251 /* TestTableViewCellTests.xctest */;
			productType = "com.apple.product-type.bundle.unit-test";
		};
/* End PBXNativeTarget section */

/* Begin PBXProject section */
		82BB7CDE1B8DBCFC00E8C251 /* Project object */ = {
			isa = PBXProject;
			attributes = {
				LastUpgradeCheck = 0630;
				ORGANIZATIONNAME = "戒惜舍得";
				TargetAttributes = {
					82BB7CE51B8DBCFC00E8C251 = {
						CreatedOnToolsVersion = 6.3.2;
					};
					82BB7CFE1B8DBCFC00E8C251 = {
						CreatedOnToolsVersion = 6.3.2;
						TestTargetID = 82BB7CE51B8DBCFC00E8C251;
					};
				};
			};
			buildConfigurationList = 82BB7CE11B8DBCFC00E8C251 /* Build configuration list for PBXProject "TestTableViewCell" */;
			compatibilityVersion = "Xcode 3.2";
			developmentRegion = English;
			hasScannedForEncodings = 0;
			knownRegions = (
				en,
				Base,
			);
			mainGroup = 82BB7CDD1B8DBCFC00E8C251;
			productRefGroup = 82BB7CE71B8DBCFC00E8C251 /* Products */;
			projectDirPath = "";
			projectRoot = "";
			targets = (
				82BB7CE51B8DBCFC00E8C251 /* TestTableViewCell */,
				82BB7CFE1B8DBCFC00E8C251 /* TestTableViewCellTests */,
			);
		};
/* End PBXProject section */

/* Begin PBXResourcesBuildPhase section */
		82BB7CE41B8DBCFC00E8C251 /* Resources */ = {
			isa = PBXResourcesBuildPhase;
			buildActionMask = 2147483647;
			files = (
				82BB7CF51B8DBCFC00E8C251 /* Main.storyboard in Resources */,
				82BB7CFA1B8DBCFC00E8C251 /* LaunchScreen.xib in Resources */,
				82BB7CF71B8DBCFC00E8C251 /* Images.xcassets in Resources */,
			);
			runOnlyForDeploymentPostprocessing = 0;
		};
		82BB7CFD1B8DBCFC00E8C251 /* Resources */ = {
			isa = PBXResourcesBuildPhase;
			buildActionMask = 2147483647;
			files = (
			);
			runOnlyForDeploymentPostprocessing = 0;
		};
/* End PBXResourcesBuildPhase section */

/* Begin PBXSourcesBuildPhase section */
		82BB7CE21B8DBCFC00E8C251 /* Sources */ = {
			isa = PBXSourcesBuildPhase;
			buildActionMask = 2147483647;
			files = (
				82BB7CEF1B8DBCFC00E8C251 /* AppDelegate.m in Sources */,
				82BB7CEC1B8DBCFC00E8C251 /* main.m in Sources */,
				82F73AAD1B8EBB6600A98AD8 /* TableViewController.m in Sources */,
				82F73AB01B8EBC3F00A98AD8 /* MyTableViewCell.m in Sources */,
			);
			runOnlyForDeploymentPostprocessing = 0;
		};
		82BB7CFB1B8DBCFC00E8C251 /* Sources */ = {
			isa = PBXSourcesBuildPhase;
			buildActionMask = 2147483647;
			files = (
				82BB7D061B8DBCFC00E8C251 /* TestTableViewCellTests.m in Sources */,
			);
			runOnlyForDeploymentPostprocessing = 0;
		};
/* End PBXSourcesBuildPhase section */

/* Begin PBXTargetDependency section */
		82BB7D011B8DBCFC00E8C251 /* PBXTargetDependency */ = {
			isa = PBXTargetDependency;
			target = 82BB7CE51B8DBCFC00E8C251 /* TestTableViewCell */;
			targetProxy = 82BB7D001B8DBCFC00E8C251 /* PBXContainerItemProxy */;
		};
/* End PBXTargetDependency section */

/* Begin PBXVariantGroup section */
		82BB7CF31B8DBCFC00E8C251 /* Main.storyboard */ = {
			isa = PBXVariantGroup;
			children = (
				82BB7CF41B8DBCFC00E8C251 /* Base */,
			);
			name = Main.storyboard;
			sourceTree = "<group>";
		};
		82BB7CF81B8DBCFC00E8C251 /* LaunchScreen.xib */ = {
			isa = PBXVariantGroup;
			children = (
				82BB7CF91B8DBCFC00E8C251 /* Base */,
			);
			name = LaunchScreen.xib;
			sourceTree = "<group>";
		};
/* End PBXVariantGroup section */

/* Begin XCBuildConfiguration section */
		82BB7D071B8DBCFC00E8C251 /* Debug */ = {
			isa = XCBuildConfiguration;
			buildSettings = {
				ALWAYS_SEARCH_USER_PATHS = NO;
				CLANG_CXX_LANGUAGE_STANDARD = "gnu++0x";
				CLANG_CXX_LIBRARY = "libc++";
				CLANG_ENABLE_MODULES = YES;
				CLANG_ENABLE_OBJC_ARC = YES;
				CLANG_WARN_BOOL_CONVERSION = YES;
				CLANG_WARN_CONSTANT_CONVERSION = YES;
				CLANG_WARN_DIRECT_OBJC_ISA_USAGE = YES_ERROR;
				CLANG_WARN_EMPTY_BODY = YES;
				CLANG_WARN_ENUM_CONVERSION = YES;
				CLANG_WARN_INT_CONVERSION = YES;
				CLANG_WARN_OBJC_ROOT_CLASS = YES_ERROR;
				CLANG_WARN_UNREACHABLE_CODE = YES;
				CLANG_WARN__DUPLICATE_METHOD_MATCH = YES;
				"CODE_SIGN_IDENTITY[sdk=iphoneos*]" = "iPhone Developer";
				COPY_PHASE_STRIP = NO;
				DEBUG_INFORMATION_FORMAT = "dwarf-with-dsym";
				ENABLE_STRICT_OBJC_MSGSEND = YES;
				GCC_C_LANGUAGE_STANDARD = gnu99;
				GCC_DYNAMIC_NO_PIC = NO;
				GCC_NO_COMMON_BLOCKS = YES;
				GCC_OPTIMIZATION_LEVEL = 0;
				GCC_PREPROCESSOR_DEFINITIONS = (
					"DEBUG=1",
					"$(inherited)",
				);
				GCC_SYMBOLS_PRIVATE_EXTERN = NO;
				GCC_WARN_64_TO_32_BIT_CONVERSION = YES;
				GCC_WARN_ABOUT_RETURN_TYPE = YES_ERROR;
				GCC_WARN_UNDECLARED_SELECTOR = YES;
				GCC_WARN_UNINITIALIZED_AUTOS = YES_AGGRESSIVE;
				GCC_WARN_UNUSED_FUNCTION = YES;
				GCC_WARN_UNUSED_VARIABLE = YES;
				IPHONEOS_DEPLOYMENT_TARGET = 8.3;
				MTL_ENABLE_DEBUG_INFO = YES;
				ONLY_ACTIVE_ARCH = YES;
				SDKROOT = iphoneos;
				TARGETED_DEVICE_FAMILY = "1,2";
			};
			name = Debug;
		};
		82BB7D081B8DBCFC00E8C251 /* Release */ = {
			isa = XCBuildConfiguration;
			buildSettings = {
				ALWAYS_SEARCH_USER_PATHS = NO;
				CLANG_CXX_LANGUAGE_STANDARD = "gnu++0x";
				CLANG_CXX_LIBRARY = "libc++";
				CLANG_ENABLE_MODULES = YES;
				CLANG_ENABLE_OBJC_ARC = YES;
				CLANG_WARN_BOOL_CONVERSION = YES;
				CLANG_WARN_CONSTANT_CONVERSION = YES;
				CLANG_WARN_DIRECT_OBJC_ISA_USAGE = YES_ERROR;
				CLANG_WARN_EMPTY_BODY = YES;
				CLANG_WARN_ENUM_CONVERSION = YES;
				CLANG_WARN_INT_CONVERSION = YES;
				CLANG_WARN_OBJC_ROOT_CLASS = YES_ERROR;
				CLANG_WARN_UNREACHABLE_CODE = YES;
				CLANG_WARN__DUPLICATE_METHOD_MATCH = YES;
				"CODE_SIGN_IDENTITY[sdk=iphoneos*]" = "iPhone Developer";
				COPY_PHASE_STRIP = NO;
				DEBUG_INFORMATION_FORMAT = "dwarf-with-dsym";
				ENABLE_NS_ASSERTIONS = NO;
				ENABLE_STRICT_OBJC_MSGSEND = YES;
				GCC_C_LANGUAGE_STANDARD = gnu99;
				GCC_NO_COMMON_BLOCKS = YES;
				GCC_WARN_64_TO_32_BIT_CONVERSION = YES;
				GCC_WARN_ABOUT_RETURN_TYPE = YES_ERROR;
				GCC_WARN_UNDECLARED_SELECTOR = YES;
				GCC_WARN_UNINITIALIZED_AUTOS = YES_AGGRESSIVE;
				GCC_WARN_UNUSED_FUNCTION = YES;
				GCC_WARN_UNUSED_VARIABLE = YES;
				IPHONEOS_DEPLOYMENT_TARGET = 8.3;
				MTL_ENABLE_DEBUG_INFO = NO;
				SDKROOT = iphoneos;
				TARGETED_DEVICE_FAMILY = "1,2";
				VALIDATE_PRODUCT = YES;
			};
			name = Release;
		};
		82BB7D0A1B8DBCFC00E8C251 /* Debug */ = {
			isa = XCBuildConfiguration;
			buildSettings = {
				ASSETCATALOG_COMPILER_APPICON_NAME = AppIcon;
				INFOPLIST_FILE = TestTableViewCell/Info.plist;
				LD_RUNPATH_SEARCH_PATHS = "$(inherited) @executable_path/Frameworks";
				PRODUCT_NAME = "$(TARGET_NAME)";
			};
			name = Debug;
		};
		82BB7D0B1B8DBCFC00E8C251 /* Release */ = {
			isa = XCBuildConfiguration;
			buildSettings = {
				ASSETCATALOG_COMPILER_APPICON_NAME = AppIcon;
				INFOPLIST_FILE = TestTableViewCell/Info.plist;
				LD_RUNPATH_SEARCH_PATHS = "$(inherited) @executable_path/Frameworks";
				PRODUCT_NAME = "$(TARGET_NAME)";
			};
			name = Release;
		};
		82BB7D0D1B8DBCFC00E8C251 /* Debug */ = {
			isa = XCBuildConfiguration;
			buildSettings = {
				BUNDLE_LOADER = "$(TEST_HOST)";
				FRAMEWORK_SEARCH_PATHS = (
					"$(SDKROOT)/Developer/Library/Frameworks",
					"$(inherited)",
				);
				GCC_PREPROCESSOR_DEFINITIONS = (
					"DEBUG=1",
					"$(inherited)",
				);
				INFOPLIST_FILE = TestTableViewCellTests/Info.plist;
				LD_RUNPATH_SEARCH_PATHS = "$(inherited) @executable_path/Frameworks @loader_path/Frameworks";
				PRODUCT_NAME = "$(TARGET_NAME)";
				TEST_HOST = "$(BUILT_PRODUCTS_DIR)/TestTableViewCell.app/TestTableViewCell";
			};
			name = Debug;
		};
		82BB7D0E1B8DBCFC00E8C251 /* Release */ = {
			isa = XCBuildConfiguration;
			buildSettings = {
				BUNDLE_LOADER = "$(TEST_HOST)";
				FRAMEWORK_SEARCH_PATHS = (
					"$(SDKROOT)/Developer/Library/Frameworks",
					"$(inherited)",
				);
				INFOPLIST_FILE = TestTableViewCellTests/Info.plist;
				LD_RUNPATH_SEARCH_PATHS = "$(inherited) @executable_path/Frameworks @loader_path/Frameworks";
				PRODUCT_NAME = "$(TARGET_NAME)";
				TEST_HOST = "$(BUILT_PRODUCTS_DIR)/TestTableViewCell.app/TestTableViewCell";
			};
			name = Release;
		};
/* End XCBuildConfiguration section */

/* Begin XCConfigurationList section */
		82BB7CE11B8DBCFC00E8C251 /* Build configuration list for PBXProject "TestTableViewCell" */ = {
			isa = XCConfigurationList;
			buildConfigurations = (
				82BB7D071B8DBCFC00E8C251 /* Debug */,
				82BB7D081B8DBCFC00E8C251 /* Release */,
			);
			defaultConfigurationIsVisible = 0;
			defaultConfigurationName = Release;
		};
		82BB7D091B8DBCFC00E8C251 /* Build configuration list for PBXNativeTarget "TestTableViewCell" */ = {
			isa = XCConfigurationList;
			buildConfigurations = (
				82BB7D0A1B8DBCFC00E8C251 /* Debug */,
				82BB7D0B1B8DBCFC00E8C251 /* Release */,
			);
			defaultConfigurationIsVisible = 0;
			defaultConfigurationName = Release;
		};
		82BB7D0C1B8DBCFC00E8C251 /* Build configuration list for PBXNativeTarget "TestTableViewCellTests" */ = {
			isa = XCConfigurationList;
			buildConfigurations = (
				82BB7D0D1B8DBCFC00E8C251 /* Debug */,
				82BB7D0E1B8DBCFC00E8C251 /* Release */,
			);
			defaultConfigurationIsVisible = 0;
			defaultConfigurationName = Release;
		};
/* End XCConfigurationList section */
	};
	rootObject = 82BB7CDE1B8DBCFC00E8C251 /* Project object */;
}
