// !$*UTF8*$!
{
	archiveVersion = 1;
	classes = {
	};
	objectVersion = 46;
	objects = {

/* Begin PBXBuildFile section */
		8203A0691B96CF46003484A0 /* kitten.jpg in Resources */ = {isa = PBXBuildFile; fileRef = 8203A0681B96CF46003484A0 /* kitten.jpg */; };
		82789F3F1B96C9850085385F /* main.m in Sources */ = {isa = PBXBuildFile; fileRef = 82789F3E1B96C9850085385F /* main.m */; };
		82789F421B96C9850085385F /* AppDelegate.m in Sources */ = {isa = PBXBuildFile; fileRef = 82789F411B96C9850085385F /* AppDelegate.m */; };
		82789F451B96C9850085385F /* ViewController.m in Sources */ = {isa = PBXBuildFile; fileRef = 82789F441B96C9850085385F /* ViewController.m */; };
		82789F481B96C9850085385F /* Main.storyboard in Resources */ = {isa = PBXBuildFile; fileRef = 82789F461B96C9850085385F /* Main.storyboard */; };
		82789F4A1B96C9850085385F /* Images.xcassets in Resources */ = {isa = PBXBuildFile; fileRef = 82789F491B96C9850085385F /* Images.xcassets */; };
		82789F4D1B96C9850085385F /* LaunchScreen.xib in Resources */ = {isa = PBXBuildFile; fileRef = 82789F4B1B96C9850085385F /* LaunchScreen.xib */; };
		82789F591B96C9850085385F /* testCollectionCellTests.m in Sources */ = {isa = PBXBuildFile; fileRef = 82789F581B96C9850085385F /* testCollectionCellTests.m */; };
		82789F641B96C9B50085385F /* CollectionViewController.m in Sources */ = {isa = PBXBuildFile; fileRef = 82789F631B96C9B50085385F /* CollectionViewController.m */; };
		82789F671B96CC0B0085385F /* CollectionViewCell.m in Sources */ = {isa = PBXBuildFile; fileRef = 82789F661B96CC0B0085385F /* CollectionViewCell.m */; };
		82AC222A1B96F29200CFB2DC /* cellObject.m in Sources */ = {isa = PBXBuildFile; fileRef = 82AC22291B96F29200CFB2DC /* cellObject.m */; };
/* End PBXBuildFile section */

/* Begin PBXContainerItemProxy section */
		82789F531B96C9850085385F /* PBXContainerItemProxy */ = {
			isa = PBXContainerItemProxy;
			containerPortal = 82789F311B96C9850085385F /* Project object */;
			proxyType = 1;
			remoteGlobalIDString = 82789F381B96C9850085385F;
			remoteInfo = testCollectionCell;
		};
/* End PBXContainerItemProxy section */

/* Begin PBXFileReference section */
		8203A0681B96CF46003484A0 /* kitten.jpg */ = {isa = PBXFileReference; lastKnownFileType = image.jpeg; path = kitten.jpg; sourceTree = "<group>"; };
		82789F391B96C9850085385F /* testCollectionCell.app */ = {isa = PBXFileReference; explicitFileType = wrapper.application; includeInIndex = 0; path = testCollectionCell.app; sourceTree = BUILT_PRODUCTS_DIR; };
		82789F3D1B96C9850085385F /* Info.plist */ = {isa = PBXFileReference; lastKnownFileType = text.plist.xml; path = Info.plist; sourceTree = "<group>"; };
		82789F3E1B96C9850085385F /* main.m */ = {isa = PBXFileReference; lastKnownFileType = sourcecode.c.objc; path = main.m; sourceTree = "<group>"; };
		82789F401B96C9850085385F /* AppDelegate.h */ = {isa = PBXFileReference; lastKnownFileType = sourcecode.c.h; path = AppDelegate.h; sourceTree = "<group>"; };
		82789F411B96C9850085385F /* AppDelegate.m */ = {isa = PBXFileReference; lastKnownFileType = sourcecode.c.objc; path = AppDelegate.m; sourceTree = "<group>"; };
		82789F431B96C9850085385F /* ViewController.h */ = {isa = PBXFileReference; lastKnownFileType = sourcecode.c.h; path = ViewController.h; sourceTree = "<group>"; };
		82789F441B96C9850085385F /* ViewController.m */ = {isa = PBXFileReference; lastKnownFileType = sourcecode.c.objc; path = ViewController.m; sourceTree = "<group>"; };
		82789F471B96C9850085385F /* Base */ = {isa = PBXFileReference; lastKnownFileType = file.storyboard; name = Base; path = Base.lproj/Main.storyboard; sourceTree = "<group>"; };
		82789F491B96C9850085385F /* Images.xcassets */ = {isa = PBXFileReference; lastKnownFileType = folder.assetcatalog; path = Images.xcassets; sourceTree = "<group>"; };
		82789F4C1B96C9850085385F /* Base */ = {isa = PBXFileReference; lastKnownFileType = file.xib; name = Base; path = Base.lproj/LaunchScreen.xib; sourceTree = "<group>"; };
		82789F521B96C9850085385F /* testCollectionCellTests.xctest */ = {isa = PBXFileReference; explicitFileType = wrapper.cfbundle; includeInIndex = 0; path = testCollectionCellTests.xctest; sourceTree = BUILT_PRODUCTS_DIR; };
		82789F571B96C9850085385F /* Info.plist */ = {isa = PBXFileReference; lastKnownFileType = text.plist.xml; path = Info.plist; sourceTree = "<group>"; };
		82789F581B96C9850085385F /* testCollectionCellTests.m */ = {isa = PBXFileReference; lastKnownFileType = sourcecode.c.objc; path = testCollectionCellTests.m; sourceTree = "<group>"; };
		82789F621B96C9B50085385F /* CollectionViewController.h */ = {isa = PBXFileReference; fileEncoding = 4; lastKnownFileType = sourcecode.c.h; path = CollectionViewController.h; sourceTree = "<group>"; };
		82789F631B96C9B50085385F /* CollectionViewController.m */ = {isa = PBXFileReference; fileEncoding = 4; lastKnownFileType = sourcecode.c.objc; path = CollectionViewController.m; sourceTree = "<group>"; };
		82789F651B96CC0B0085385F /* CollectionViewCell.h */ = {isa = PBXFileReference; fileEncoding = 4; lastKnownFileType = sourcecode.c.h; path = CollectionViewCell.h; sourceTree = "<group>"; };
		82789F661B96CC0B0085385F /* CollectionViewCell.m */ = {isa = PBXFileReference; fileEncoding = 4; lastKnownFileType = sourcecode.c.objc; path = CollectionViewCell.m; sourceTree = "<group>"; };
		82AC22281B96F29200CFB2DC /* cellObject.h */ = {isa = PBXFileReference; fileEncoding = 4; lastKnownFileType = sourcecode.c.h; path = cellObject.h; sourceTree = "<group>"; };
		82AC22291B96F29200CFB2DC /* cellObject.m */ = {isa = PBXFileReference; fileEncoding = 4; lastKnownFileType = sourcecode.c.objc; path = cellObject.m; sourceTree = "<group>"; };
/* End PBXFileReference section */

/* Begin PBXFrameworksBuildPhase section */
		82789F361B96C9850085385F /* Frameworks */ = {
			isa = PBXFrameworksBuildPhase;
			buildActionMask = 2147483647;
			files = (
			);
			runOnlyForDeploymentPostprocessing = 0;
		};
		82789F4F1B96C9850085385F /* Frameworks */ = {
			isa = PBXFrameworksBuildPhase;
			buildActionMask = 2147483647;
			files = (
			);
			runOnlyForDeploymentPostprocessing = 0;
		};
/* End PBXFrameworksBuildPhase section */

/* Begin PBXGroup section */
		82789F301B96C9850085385F = {
			isa = PBXGroup;
			children = (
				82789F3B1B96C9850085385F /* testCollectionCell */,
				82789F551B96C9850085385F /* testCollectionCellTests */,
				82789F3A1B96C9850085385F /* Products */,
			);
			sourceTree = "<group>";
		};
		82789F3A1B96C9850085385F /* Products */ = {
			isa = PBXGroup;
			children = (
				82789F391B96C9850085385F /* testCollectionCell.app */,
				82789F521B96C9850085385F /* testCollectionCellTests.xctest */,
			);
			name = Products;
			sourceTree = "<group>";
		};
		82789F3B1B96C9850085385F /* testCollectionCell */ = {
			isa = PBXGroup;
			children = (
				82789F401B96C9850085385F /* AppDelegate.h */,
				82789F411B96C9850085385F /* AppDelegate.m */,
				82789F431B96C9850085385F /* ViewController.h */,
				82789F441B96C9850085385F /* ViewController.m */,
				82789F621B96C9B50085385F /* CollectionViewController.h */,
				82789F631B96C9B50085385F /* CollectionViewController.m */,
				82789F651B96CC0B0085385F /* CollectionViewCell.h */,
				82789F661B96CC0B0085385F /* CollectionViewCell.m */,
				82AC22281B96F29200CFB2DC /* cellObject.h */,
				82AC22291B96F29200CFB2DC /* cellObject.m */,
				82789F461B96C9850085385F /* Main.storyboard */,
				82789F491B96C9850085385F /* Images.xcassets */,
				82789F4B1B96C9850085385F /* LaunchScreen.xib */,
				82789F3C1B96C9850085385F /* Supporting Files */,
			);
			path = testCollectionCell;
			sourceTree = "<group>";
		};
		82789F3C1B96C9850085385F /* Supporting Files */ = {
			isa = PBXGroup;
			children = (
				8203A0681B96CF46003484A0 /* kitten.jpg */,
				82789F3D1B96C9850085385F /* Info.plist */,
				82789F3E1B96C9850085385F /* main.m */,
			);
			name = "Supporting Files";
			sourceTree = "<group>";
		};
		82789F551B96C9850085385F /* testCollectionCellTests */ = {
			isa = PBXGroup;
			children = (
				82789F581B96C9850085385F /* testCollectionCellTests.m */,
				82789F561B96C9850085385F /* Supporting Files */,
			);
			path = testCollectionCellTests;
			sourceTree = "<group>";
		};
		82789F561B96C9850085385F /* Supporting Files */ = {
			isa = PBXGroup;
			children = (
				82789F571B96C9850085385F /* Info.plist */,
			);
			name = "Supporting Files";
			sourceTree = "<group>";
		};
/* End PBXGroup section */

/* Begin PBXNativeTarget section */
		82789F381B96C9850085385F /* testCollectionCell */ = {
			isa = PBXNativeTarget;
			buildConfigurationList = 82789F5C1B96C9850085385F /* Build configuration list for PBXNativeTarget "testCollectionCell" */;
			buildPhases = (
				82789F351B96C9850085385F /* Sources */,
				82789F361B96C9850085385F /* Frameworks */,
				82789F371B96C9850085385F /* Resources */,
			);
			buildRules = (
			);
			dependencies = (
			);
			name = testCollectionCell;
			productName = testCollectionCell;
			productReference = 82789F391B96C9850085385F /* testCollectionCell.app */;
			productType = "com.apple.product-type.application";
		};
		82789F511B96C9850085385F /* testCollectionCellTests */ = {
			isa = PBXNativeTarget;
			buildConfigurationList = 82789F5F1B96C9850085385F /* Build configuration list for PBXNativeTarget "testCollectionCellTests" */;
			buildPhases = (
				82789F4E1B96C9850085385F /* Sources */,
				82789F4F1B96C9850085385F /* Frameworks */,
				82789F501B96C9850085385F /* Resources */,
			);
			buildRules = (
			);
			dependencies = (
				82789F541B96C9850085385F /* PBXTargetDependency */,
			);
			name = testCollectionCellTests;
			productName = testCollectionCellTests;
			productReference = 82789F521B96C9850085385F /* testCollectionCellTests.xctest */;
			productType = "com.apple.product-type.bundle.unit-test";
		};
/* End PBXNativeTarget section */

/* Begin PBXProject section */
		82789F311B96C9850085385F /* Project object */ = {
			isa = PBXProject;
			attributes = {
				LastUpgradeCheck = 0630;
				ORGANIZATIONNAME = "戒惜舍得";
				TargetAttributes = {
					82789F381B96C9850085385F = {
						CreatedOnToolsVersion = 6.3.2;
					};
					82789F511B96C9850085385F = {
						CreatedOnToolsVersion = 6.3.2;
						TestTargetID = 82789F381B96C9850085385F;
					};
				};
			};
			buildConfigurationList = 82789F341B96C9850085385F /* Build configuration list for PBXProject "testCollectionCell" */;
			compatibilityVersion = "Xcode 3.2";
			developmentRegion = English;
			hasScannedForEncodings = 0;
			knownRegions = (
				en,
				Base,
			);
			mainGroup = 82789F301B96C9850085385F;
			productRefGroup = 82789F3A1B96C9850085385F /* Products */;
			projectDirPath = "";
			projectRoot = "";
			targets = (
				82789F381B96C9850085385F /* testCollectionCell */,
				82789F511B96C9850085385F /* testCollectionCellTests */,
			);
		};
/* End PBXProject section */

/* Begin PBXResourcesBuildPhase section */
		82789F371B96C9850085385F /* Resources */ = {
			isa = PBXResourcesBuildPhase;
			buildActionMask = 2147483647;
			files = (
				8203A0691B96CF46003484A0 /* kitten.jpg in Resources */,
				82789F481B96C9850085385F /* Main.storyboard in Resources */,
				82789F4D1B96C9850085385F /* LaunchScreen.xib in Resources */,
				82789F4A1B96C9850085385F /* Images.xcassets in Resources */,
			);
			runOnlyForDeploymentPostprocessing = 0;
		};
		82789F501B96C9850085385F /* Resources */ = {
			isa = PBXResourcesBuildPhase;
			buildActionMask = 2147483647;
			files = (
			);
			runOnlyForDeploymentPostprocessing = 0;
		};
/* End PBXResourcesBuildPhase section */

/* Begin PBXSourcesBuildPhase section */
		82789F351B96C9850085385F /* Sources */ = {
			isa = PBXSourcesBuildPhase;
			buildActionMask = 2147483647;
			files = (
				82AC222A1B96F29200CFB2DC /* cellObject.m in Sources */,
				82789F641B96C9B50085385F /* CollectionViewController.m in Sources */,
				82789F671B96CC0B0085385F /* CollectionViewCell.m in Sources */,
				82789F451B96C9850085385F /* ViewController.m in Sources */,
				82789F421B96C9850085385F /* AppDelegate.m in Sources */,
				82789F3F1B96C9850085385F /* main.m in Sources */,
			);
			runOnlyForDeploymentPostprocessing = 0;
		};
		82789F4E1B96C9850085385F /* Sources */ = {
			isa = PBXSourcesBuildPhase;
			buildActionMask = 2147483647;
			files = (
				82789F591B96C9850085385F /* testCollectionCellTests.m in Sources */,
			);
			runOnlyForDeploymentPostprocessing = 0;
		};
/* End PBXSourcesBuildPhase section */

/* Begin PBXTargetDependency section */
		82789F541B96C9850085385F /* PBXTargetDependency */ = {
			isa = PBXTargetDependency;
			target = 82789F381B96C9850085385F /* testCollectionCell */;
			targetProxy = 82789F531B96C9850085385F /* PBXContainerItemProxy */;
		};
/* End PBXTargetDependency section */

/* Begin PBXVariantGroup section */
		82789F461B96C9850085385F /* Main.storyboard */ = {
			isa = PBXVariantGroup;
			children = (
				82789F471B96C9850085385F /* Base */,
			);
			name = Main.storyboard;
			sourceTree = "<group>";
		};
		82789F4B1B96C9850085385F /* LaunchScreen.xib */ = {
			isa = PBXVariantGroup;
			children = (
				82789F4C1B96C9850085385F /* Base */,
			);
			name = LaunchScreen.xib;
			sourceTree = "<group>";
		};
/* End PBXVariantGroup section */

/* Begin XCBuildConfiguration section */
		82789F5A1B96C9850085385F /* Debug */ = {
			isa = XCBuildConfiguration;
			buildSettings = {
				ALWAYS_SEARCH_USER_PATHS = NO;
				CLANG_CXX_LANGUAGE_STANDARD = "gnu++0x";
				CLANG_CXX_LIBRARY = "libc++";
				CLANG_ENABLE_MODULES = YES;
				CLANG_ENABLE_OBJC_ARC = YES;
				CLANG_WARN_BOOL_CONVERSION = YES;
				CLANG_WARN_CONSTANT_CONVERSION = YES;
				CLANG_WARN_DIRECT_OBJC_ISA_USAGE = YES_ERROR;
				CLANG_WARN_EMPTY_BODY = YES;
				CLANG_WARN_ENUM_CONVERSION = YES;
				CLANG_WARN_INT_CONVERSION = YES;
				CLANG_WARN_OBJC_ROOT_CLASS = YES_ERROR;
				CLANG_WARN_UNREACHABLE_CODE = YES;
				CLANG_WARN__DUPLICATE_METHOD_MATCH = YES;
				"CODE_SIGN_IDENTITY[sdk=iphoneos*]" = "iPhone Developer";
				COPY_PHASE_STRIP = NO;
				DEBUG_INFORMATION_FORMAT = "dwarf-with-dsym";
				ENABLE_STRICT_OBJC_MSGSEND = YES;
				GCC_C_LANGUAGE_STANDARD = gnu99;
				GCC_DYNAMIC_NO_PIC = NO;
				GCC_NO_COMMON_BLOCKS = YES;
				GCC_OPTIMIZATION_LEVEL = 0;
				GCC_PREPROCESSOR_DEFINITIONS = (
					"DEBUG=1",
					"$(inherited)",
				);
				GCC_SYMBOLS_PRIVATE_EXTERN = NO;
				GCC_WARN_64_TO_32_BIT_CONVERSION = YES;
				GCC_WARN_ABOUT_RETURN_TYPE = YES_ERROR;
				GCC_WARN_UNDECLARED_SELECTOR = YES;
				GCC_WARN_UNINITIALIZED_AUTOS = YES_AGGRESSIVE;
				GCC_WARN_UNUSED_FUNCTION = YES;
				GCC_WARN_UNUSED_VARIABLE = YES;
				IPHONEOS_DEPLOYMENT_TARGET = 8.3;
				MTL_ENABLE_DEBUG_INFO = YES;
				ONLY_ACTIVE_ARCH = YES;
				SDKROOT = iphoneos;
				TARGETED_DEVICE_FAMILY = "1,2";
			};
			name = Debug;
		};
		82789F5B1B96C9850085385F /* Release */ = {
			isa = XCBuildConfiguration;
			buildSettings = {
				ALWAYS_SEARCH_USER_PATHS = NO;
				CLANG_CXX_LANGUAGE_STANDARD = "gnu++0x";
				CLANG_CXX_LIBRARY = "libc++";
				CLANG_ENABLE_MODULES = YES;
				CLANG_ENABLE_OBJC_ARC = YES;
				CLANG_WARN_BOOL_CONVERSION = YES;
				CLANG_WARN_CONSTANT_CONVERSION = YES;
				CLANG_WARN_DIRECT_OBJC_ISA_USAGE = YES_ERROR;
				CLANG_WARN_EMPTY_BODY = YES;
				CLANG_WARN_ENUM_CONVERSION = YES;
				CLANG_WARN_INT_CONVERSION = YES;
				CLANG_WARN_OBJC_ROOT_CLASS = YES_ERROR;
				CLANG_WARN_UNREACHABLE_CODE = YES;
				CLANG_WARN__DUPLICATE_METHOD_MATCH = YES;
				"CODE_SIGN_IDENTITY[sdk=iphoneos*]" = "iPhone Developer";
				COPY_PHASE_STRIP = NO;
				DEBUG_INFORMATION_FORMAT = "dwarf-with-dsym";
				ENABLE_NS_ASSERTIONS = NO;
				ENABLE_STRICT_OBJC_MSGSEND = YES;
				GCC_C_LANGUAGE_STANDARD = gnu99;
				GCC_NO_COMMON_BLOCKS = YES;
				GCC_WARN_64_TO_32_BIT_CONVERSION = YES;
				GCC_WARN_ABOUT_RETURN_TYPE = YES_ERROR;
				GCC_WARN_UNDECLARED_SELECTOR = YES;
				GCC_WARN_UNINITIALIZED_AUTOS = YES_AGGRESSIVE;
				GCC_WARN_UNUSED_FUNCTION = YES;
				GCC_WARN_UNUSED_VARIABLE = YES;
				IPHONEOS_DEPLOYMENT_TARGET = 8.3;
				MTL_ENABLE_DEBUG_INFO = NO;
				SDKROOT = iphoneos;
				TARGETED_DEVICE_FAMILY = "1,2";
				VALIDATE_PRODUCT = YES;
			};
			name = Release;
		};
		82789F5D1B96C9850085385F /* Debug */ = {
			isa = XCBuildConfiguration;
			buildSettings = {
				ASSETCATALOG_COMPILER_APPICON_NAME = AppIcon;
				INFOPLIST_FILE = testCollectionCell/Info.plist;
				LD_RUNPATH_SEARCH_PATHS = "$(inherited) @executable_path/Frameworks";
				PRODUCT_NAME = "$(TARGET_NAME)";
			};
			name = Debug;
		};
		82789F5E1B96C9850085385F /* Release */ = {
			isa = XCBuildConfiguration;
			buildSettings = {
				ASSETCATALOG_COMPILER_APPICON_NAME = AppIcon;
				INFOPLIST_FILE = testCollectionCell/Info.plist;
				LD_RUNPATH_SEARCH_PATHS = "$(inherited) @executable_path/Frameworks";
				PRODUCT_NAME = "$(TARGET_NAME)";
			};
			name = Release;
		};
		82789F601B96C9850085385F /* Debug */ = {
			isa = XCBuildConfiguration;
			buildSettings = {
				BUNDLE_LOADER = "$(TEST_HOST)";
				FRAMEWORK_SEARCH_PATHS = (
					"$(SDKROOT)/Developer/Library/Frameworks",
					"$(inherited)",
				);
				GCC_PREPROCESSOR_DEFINITIONS = (
					"DEBUG=1",
					"$(inherited)",
				);
				INFOPLIST_FILE = testCollectionCellTests/Info.plist;
				LD_RUNPATH_SEARCH_PATHS = "$(inherited) @executable_path/Frameworks @loader_path/Frameworks";
				PRODUCT_NAME = "$(TARGET_NAME)";
				TEST_HOST = "$(BUILT_PRODUCTS_DIR)/testCollectionCell.app/testCollectionCell";
			};
			name = Debug;
		};
		82789F611B96C9850085385F /* Release */ = {
			isa = XCBuildConfiguration;
			buildSettings = {
				BUNDLE_LOADER = "$(TEST_HOST)";
				FRAMEWORK_SEARCH_PATHS = (
					"$(SDKROOT)/Developer/Library/Frameworks",
					"$(inherited)",
				);
				INFOPLIST_FILE = testCollectionCellTests/Info.plist;
				LD_RUNPATH_SEARCH_PATHS = "$(inherited) @executable_path/Frameworks @loader_path/Frameworks";
				PRODUCT_NAME = "$(TARGET_NAME)";
				TEST_HOST = "$(BUILT_PRODUCTS_DIR)/testCollectionCell.app/testCollectionCell";
			};
			name = Release;
		};
/* End XCBuildConfiguration section */

/* Begin XCConfigurationList section */
		82789F341B96C9850085385F /* Build configuration list for PBXProject "testCollectionCell" */ = {
			isa = XCConfigurationList;
			buildConfigurations = (
				82789F5A1B96C9850085385F /* Debug */,
				82789F5B1B96C9850085385F /* Release */,
			);
			defaultConfigurationIsVisible = 0;
			defaultConfigurationName = Release;
		};
		82789F5C1B96C9850085385F /* Build configuration list for PBXNativeTarget "testCollectionCell" */ = {
			isa = XCConfigurationList;
			buildConfigurations = (
				82789F5D1B96C9850085385F /* Debug */,
				82789F5E1B96C9850085385F /* Release */,
			);
			defaultConfigurationIsVisible = 0;
			defaultConfigurationName = Release;
		};
		82789F5F1B96C9850085385F /* Build configuration list for PBXNativeTarget "testCollectionCellTests" */ = {
			isa = XCConfigurationList;
			buildConfigurations = (
				82789F601B96C9850085385F /* Debug */,
				82789F611B96C9850085385F /* Release */,
			);
			defaultConfigurationIsVisible = 0;
			defaultConfigurationName = Release;
		};
/* End XCConfigurationList section */
	};
	rootObject = 82789F311B96C9850085385F /* Project object */;
}
