// !$*UTF8*$!
{
	archiveVersion = 1;
	classes = {
	};
	objectVersion = 46;
	objects = {

/* Begin PBXBuildFile section */
		82AD3F301C15CF5B003E9D95 /* main.m in Sources */ = {isa = PBXBuildFile; fileRef = 82AD3F2F1C15CF5B003E9D95 /* main.m */; };
		82AD3F331C15CF5B003E9D95 /* AppDelegate.m in Sources */ = {isa = PBXBuildFile; fileRef = 82AD3F321C15CF5B003E9D95 /* AppDelegate.m */; };
		82AD3F361C15CF5B003E9D95 /* ViewController.m in Sources */ = {isa = PBXBuildFile; fileRef = 82AD3F351C15CF5B003E9D95 /* ViewController.m */; };
		82AD3F391C15CF5B003E9D95 /* Main.storyboard in Resources */ = {isa = PBXBuildFile; fileRef = 82AD3F371C15CF5B003E9D95 /* Main.storyboard */; };
		82AD3F3B1C15CF5B003E9D95 /* Assets.xcassets in Resources */ = {isa = PBXBuildFile; fileRef = 82AD3F3A1C15CF5B003E9D95 /* Assets.xcassets */; };
		82AD3F3E1C15CF5B003E9D95 /* LaunchScreen.storyboard in Resources */ = {isa = PBXBuildFile; fileRef = 82AD3F3C1C15CF5B003E9D95 /* LaunchScreen.storyboard */; };
		82AD3F491C15CF5B003E9D95 /* DemoAutoLayoutAnimationTests.m in Sources */ = {isa = PBXBuildFile; fileRef = 82AD3F481C15CF5B003E9D95 /* DemoAutoLayoutAnimationTests.m */; };
		82AD3F541C15CF5B003E9D95 /* DemoAutoLayoutAnimationUITests.m in Sources */ = {isa = PBXBuildFile; fileRef = 82AD3F531C15CF5B003E9D95 /* DemoAutoLayoutAnimationUITests.m */; };
		82AD3F631C15D38A003E9D95 /* HomePageAnimationUntil.m in Sources */ = {isa = PBXBuildFile; fileRef = 82AD3F621C15D38A003E9D95 /* HomePageAnimationUntil.m */; };
/* End PBXBuildFile section */

/* Begin PBXContainerItemProxy section */
		82AD3F451C15CF5B003E9D95 /* PBXContainerItemProxy */ = {
			isa = PBXContainerItemProxy;
			containerPortal = 82AD3F231C15CF5A003E9D95 /* Project object */;
			proxyType = 1;
			remoteGlobalIDString = 82AD3F2A1C15CF5B003E9D95;
			remoteInfo = DemoAutoLayoutAnimation;
		};
		82AD3F501C15CF5B003E9D95 /* PBXContainerItemProxy */ = {
			isa = PBXContainerItemProxy;
			containerPortal = 82AD3F231C15CF5A003E9D95 /* Project object */;
			proxyType = 1;
			remoteGlobalIDString = 82AD3F2A1C15CF5B003E9D95;
			remoteInfo = DemoAutoLayoutAnimation;
		};
/* End PBXContainerItemProxy section */

/* Begin PBXFileReference section */
		82AD3F2B1C15CF5B003E9D95 /* DemoAutoLayoutAnimation.app */ = {isa = PBXFileReference; explicitFileType = wrapper.application; includeInIndex = 0; path = DemoAutoLayoutAnimation.app; sourceTree = BUILT_PRODUCTS_DIR; };
		82AD3F2F1C15CF5B003E9D95 /* main.m */ = {isa = PBXFileReference; lastKnownFileType = sourcecode.c.objc; path = main.m; sourceTree = "<group>"; };
		82AD3F311C15CF5B003E9D95 /* AppDelegate.h */ = {isa = PBXFileReference; lastKnownFileType = sourcecode.c.h; path = AppDelegate.h; sourceTree = "<group>"; };
		82AD3F321C15CF5B003E9D95 /* AppDelegate.m */ = {isa = PBXFileReference; lastKnownFileType = sourcecode.c.objc; path = AppDelegate.m; sourceTree = "<group>"; };
		82AD3F341C15CF5B003E9D95 /* ViewController.h */ = {isa = PBXFileReference; lastKnownFileType = sourcecode.c.h; path = ViewController.h; sourceTree = "<group>"; };
		82AD3F351C15CF5B003E9D95 /* ViewController.m */ = {isa = PBXFileReference; lastKnownFileType = sourcecode.c.objc; path = ViewController.m; sourceTree = "<group>"; };
		82AD3F381C15CF5B003E9D95 /* Base */ = {isa = PBXFileReference; lastKnownFileType = file.storyboard; name = Base; path = Base.lproj/Main.storyboard; sourceTree = "<group>"; };
		82AD3F3A1C15CF5B003E9D95 /* Assets.xcassets */ = {isa = PBXFileReference; lastKnownFileType = folder.assetcatalog; path = Assets.xcassets; sourceTree = "<group>"; };
		82AD3F3D1C15CF5B003E9D95 /* Base */ = {isa = PBXFileReference; lastKnownFileType = file.storyboard; name = Base; path = Base.lproj/LaunchScreen.storyboard; sourceTree = "<group>"; };
		82AD3F3F1C15CF5B003E9D95 /* Info.plist */ = {isa = PBXFileReference; lastKnownFileType = text.plist.xml; path = Info.plist; sourceTree = "<group>"; };
		82AD3F441C15CF5B003E9D95 /* DemoAutoLayoutAnimationTests.xctest */ = {isa = PBXFileReference; explicitFileType = wrapper.cfbundle; includeInIndex = 0; path = DemoAutoLayoutAnimationTests.xctest; sourceTree = BUILT_PRODUCTS_DIR; };
		82AD3F481C15CF5B003E9D95 /* DemoAutoLayoutAnimationTests.m */ = {isa = PBXFileReference; lastKnownFileType = sourcecode.c.objc; path = DemoAutoLayoutAnimationTests.m; sourceTree = "<group>"; };
		82AD3F4A1C15CF5B003E9D95 /* Info.plist */ = {isa = PBXFileReference; lastKnownFileType = text.plist.xml; path = Info.plist; sourceTree = "<group>"; };
		82AD3F4F1C15CF5B003E9D95 /* DemoAutoLayoutAnimationUITests.xctest */ = {isa = PBXFileReference; explicitFileType = wrapper.cfbundle; includeInIndex = 0; path = DemoAutoLayoutAnimationUITests.xctest; sourceTree = BUILT_PRODUCTS_DIR; };
		82AD3F531C15CF5B003E9D95 /* DemoAutoLayoutAnimationUITests.m */ = {isa = PBXFileReference; lastKnownFileType = sourcecode.c.objc; path = DemoAutoLayoutAnimationUITests.m; sourceTree = "<group>"; };
		82AD3F551C15CF5B003E9D95 /* Info.plist */ = {isa = PBXFileReference; lastKnownFileType = text.plist.xml; path = Info.plist; sourceTree = "<group>"; };
		82AD3F611C15D38A003E9D95 /* HomePageAnimationUntil.h */ = {isa = PBXFileReference; fileEncoding = 4; lastKnownFileType = sourcecode.c.h; path = HomePageAnimationUntil.h; sourceTree = "<group>"; };
		82AD3F621C15D38A003E9D95 /* HomePageAnimationUntil.m */ = {isa = PBXFileReference; fileEncoding = 4; lastKnownFileType = sourcecode.c.objc; path = HomePageAnimationUntil.m; sourceTree = "<group>"; };
/* End PBXFileReference section */

/* Begin PBXFrameworksBuildPhase section */
		82AD3F281C15CF5B003E9D95 /* Frameworks */ = {
			isa = PBXFrameworksBuildPhase;
			buildActionMask = 2147483647;
			files = (
			);
			runOnlyForDeploymentPostprocessing = 0;
		};
		82AD3F411C15CF5B003E9D95 /* Frameworks */ = {
			isa = PBXFrameworksBuildPhase;
			buildActionMask = 2147483647;
			files = (
			);
			runOnlyForDeploymentPostprocessing = 0;
		};
		82AD3F4C1C15CF5B003E9D95 /* Frameworks */ = {
			isa = PBXFrameworksBuildPhase;
			buildActionMask = 2147483647;
			files = (
			);
			runOnlyForDeploymentPostprocessing = 0;
		};
/* End PBXFrameworksBuildPhase section */

/* Begin PBXGroup section */
		82AD3F221C15CF5A003E9D95 = {
			isa = PBXGroup;
			children = (
				82AD3F2D1C15CF5B003E9D95 /* DemoAutoLayoutAnimation */,
				82AD3F471C15CF5B003E9D95 /* DemoAutoLayoutAnimationTests */,
				82AD3F521C15CF5B003E9D95 /* DemoAutoLayoutAnimationUITests */,
				82AD3F2C1C15CF5B003E9D95 /* Products */,
			);
			sourceTree = "<group>";
		};
		82AD3F2C1C15CF5B003E9D95 /* Products */ = {
			isa = PBXGroup;
			children = (
				82AD3F2B1C15CF5B003E9D95 /* DemoAutoLayoutAnimation.app */,
				82AD3F441C15CF5B003E9D95 /* DemoAutoLayoutAnimationTests.xctest */,
				82AD3F4F1C15CF5B003E9D95 /* DemoAutoLayoutAnimationUITests.xctest */,
			);
			name = Products;
			sourceTree = "<group>";
		};
		82AD3F2D1C15CF5B003E9D95 /* DemoAutoLayoutAnimation */ = {
			isa = PBXGroup;
			children = (
				82AD3F311C15CF5B003E9D95 /* AppDelegate.h */,
				82AD3F321C15CF5B003E9D95 /* AppDelegate.m */,
				82AD3F341C15CF5B003E9D95 /* ViewController.h */,
				82AD3F351C15CF5B003E9D95 /* ViewController.m */,
				82AD3F371C15CF5B003E9D95 /* Main.storyboard */,
				82AD3F3A1C15CF5B003E9D95 /* Assets.xcassets */,
				82AD3F611C15D38A003E9D95 /* HomePageAnimationUntil.h */,
				82AD3F621C15D38A003E9D95 /* HomePageAnimationUntil.m */,
				82AD3F3C1C15CF5B003E9D95 /* LaunchScreen.storyboard */,
				82AD3F3F1C15CF5B003E9D95 /* Info.plist */,
				82AD3F2E1C15CF5B003E9D95 /* Supporting Files */,
			);
			path = DemoAutoLayoutAnimation;
			sourceTree = "<group>";
		};
		82AD3F2E1C15CF5B003E9D95 /* Supporting Files */ = {
			isa = PBXGroup;
			children = (
				82AD3F2F1C15CF5B003E9D95 /* main.m */,
			);
			name = "Supporting Files";
			sourceTree = "<group>";
		};
		82AD3F471C15CF5B003E9D95 /* DemoAutoLayoutAnimationTests */ = {
			isa = PBXGroup;
			children = (
				82AD3F481C15CF5B003E9D95 /* DemoAutoLayoutAnimationTests.m */,
				82AD3F4A1C15CF5B003E9D95 /* Info.plist */,
			);
			path = DemoAutoLayoutAnimationTests;
			sourceTree = "<group>";
		};
		82AD3F521C15CF5B003E9D95 /* DemoAutoLayoutAnimationUITests */ = {
			isa = PBXGroup;
			children = (
				82AD3F531C15CF5B003E9D95 /* DemoAutoLayoutAnimationUITests.m */,
				82AD3F551C15CF5B003E9D95 /* Info.plist */,
			);
			path = DemoAutoLayoutAnimationUITests;
			sourceTree = "<group>";
		};
/* End PBXGroup section */

/* Begin PBXNativeTarget section */
		82AD3F2A1C15CF5B003E9D95 /* DemoAutoLayoutAnimation */ = {
			isa = PBXNativeTarget;
			buildConfigurationList = 82AD3F581C15CF5B003E9D95 /* Build configuration list for PBXNativeTarget "DemoAutoLayoutAnimation" */;
			buildPhases = (
				82AD3F271C15CF5B003E9D95 /* Sources */,
				82AD3F281C15CF5B003E9D95 /* Frameworks */,
				82AD3F291C15CF5B003E9D95 /* Resources */,
			);
			buildRules = (
			);
			dependencies = (
			);
			name = DemoAutoLayoutAnimation;
			productName = DemoAutoLayoutAnimation;
			productReference = 82AD3F2B1C15CF5B003E9D95 /* DemoAutoLayoutAnimation.app */;
			productType = "com.apple.product-type.application";
		};
		82AD3F431C15CF5B003E9D95 /* DemoAutoLayoutAnimationTests */ = {
			isa = PBXNativeTarget;
			buildConfigurationList = 82AD3F5B1C15CF5B003E9D95 /* Build configuration list for PBXNativeTarget "DemoAutoLayoutAnimationTests" */;
			buildPhases = (
				82AD3F401C15CF5B003E9D95 /* Sources */,
				82AD3F411C15CF5B003E9D95 /* Frameworks */,
				82AD3F421C15CF5B003E9D95 /* Resources */,
			);
			buildRules = (
			);
			dependencies = (
				82AD3F461C15CF5B003E9D95 /* PBXTargetDependency */,
			);
			name = DemoAutoLayoutAnimationTests;
			productName = DemoAutoLayoutAnimationTests;
			productReference = 82AD3F441C15CF5B003E9D95 /* DemoAutoLayoutAnimationTests.xctest */;
			productType = "com.apple.product-type.bundle.unit-test";
		};
		82AD3F4E1C15CF5B003E9D95 /* DemoAutoLayoutAnimationUITests */ = {
			isa = PBXNativeTarget;
			buildConfigurationList = 82AD3F5E1C15CF5B003E9D95 /* Build configuration list for PBXNativeTarget "DemoAutoLayoutAnimationUITests" */;
			buildPhases = (
				82AD3F4B1C15CF5B003E9D95 /* Sources */,
				82AD3F4C1C15CF5B003E9D95 /* Frameworks */,
				82AD3F4D1C15CF5B003E9D95 /* Resources */,
			);
			buildRules = (
			);
			dependencies = (
				82AD3F511C15CF5B003E9D95 /* PBXTargetDependency */,
			);
			name = DemoAutoLayoutAnimationUITests;
			productName = DemoAutoLayoutAnimationUITests;
			productReference = 82AD3F4F1C15CF5B003E9D95 /* DemoAutoLayoutAnimationUITests.xctest */;
			productType = "com.apple.product-type.bundle.ui-testing";
		};
/* End PBXNativeTarget section */

/* Begin PBXProject section */
		82AD3F231C15CF5A003E9D95 /* Project object */ = {
			isa = PBXProject;
			attributes = {
				LastUpgradeCheck = 0710;
				ORGANIZATIONNAME = "戒惜舍得";
				TargetAttributes = {
					82AD3F2A1C15CF5B003E9D95 = {
						CreatedOnToolsVersion = 7.1.1;
						DevelopmentTeam = GD2M6UBG8F;
					};
					82AD3F431C15CF5B003E9D95 = {
						CreatedOnToolsVersion = 7.1.1;
						DevelopmentTeam = GD2M6UBG8F;
						TestTargetID = 82AD3F2A1C15CF5B003E9D95;
					};
					82AD3F4E1C15CF5B003E9D95 = {
						CreatedOnToolsVersion = 7.1.1;
						DevelopmentTeam = GD2M6UBG8F;
						TestTargetID = 82AD3F2A1C15CF5B003E9D95;
					};
				};
			};
			buildConfigurationList = 82AD3F261C15CF5A003E9D95 /* Build configuration list for PBXProject "DemoAutoLayoutAnimation" */;
			compatibilityVersion = "Xcode 3.2";
			developmentRegion = English;
			hasScannedForEncodings = 0;
			knownRegions = (
				en,
				Base,
			);
			mainGroup = 82AD3F221C15CF5A003E9D95;
			productRefGroup = 82AD3F2C1C15CF5B003E9D95 /* Products */;
			projectDirPath = "";
			projectRoot = "";
			targets = (
				82AD3F2A1C15CF5B003E9D95 /* DemoAutoLayoutAnimation */,
				82AD3F431C15CF5B003E9D95 /* DemoAutoLayoutAnimationTests */,
				82AD3F4E1C15CF5B003E9D95 /* DemoAutoLayoutAnimationUITests */,
			);
		};
/* End PBXProject section */

/* Begin PBXResourcesBuildPhase section */
		82AD3F291C15CF5B003E9D95 /* Resources */ = {
			isa = PBXResourcesBuildPhase;
			buildActionMask = 2147483647;
			files = (
				82AD3F3E1C15CF5B003E9D95 /* LaunchScreen.storyboard in Resources */,
				82AD3F3B1C15CF5B003E9D95 /* Assets.xcassets in Resources */,
				82AD3F391C15CF5B003E9D95 /* Main.storyboard in Resources */,
			);
			runOnlyForDeploymentPostprocessing = 0;
		};
		82AD3F421C15CF5B003E9D95 /* Resources */ = {
			isa = PBXResourcesBuildPhase;
			buildActionMask = 2147483647;
			files = (
			);
			runOnlyForDeploymentPostprocessing = 0;
		};
		82AD3F4D1C15CF5B003E9D95 /* Resources */ = {
			isa = PBXResourcesBuildPhase;
			buildActionMask = 2147483647;
			files = (
			);
			runOnlyForDeploymentPostprocessing = 0;
		};
/* End PBXResourcesBuildPhase section */

/* Begin PBXSourcesBuildPhase section */
		82AD3F271C15CF5B003E9D95 /* Sources */ = {
			isa = PBXSourcesBuildPhase;
			buildActionMask = 2147483647;
			files = (
				82AD3F361C15CF5B003E9D95 /* ViewController.m in Sources */,
				82AD3F631C15D38A003E9D95 /* HomePageAnimationUntil.m in Sources */,
				82AD3F331C15CF5B003E9D95 /* AppDelegate.m in Sources */,
				82AD3F301C15CF5B003E9D95 /* main.m in Sources */,
			);
			runOnlyForDeploymentPostprocessing = 0;
		};
		82AD3F401C15CF5B003E9D95 /* Sources */ = {
			isa = PBXSourcesBuildPhase;
			buildActionMask = 2147483647;
			files = (
				82AD3F491C15CF5B003E9D95 /* DemoAutoLayoutAnimationTests.m in Sources */,
			);
			runOnlyForDeploymentPostprocessing = 0;
		};
		82AD3F4B1C15CF5B003E9D95 /* Sources */ = {
			isa = PBXSourcesBuildPhase;
			buildActionMask = 2147483647;
			files = (
				82AD3F541C15CF5B003E9D95 /* DemoAutoLayoutAnimationUITests.m in Sources */,
			);
			runOnlyForDeploymentPostprocessing = 0;
		};
/* End PBXSourcesBuildPhase section */

/* Begin PBXTargetDependency section */
		82AD3F461C15CF5B003E9D95 /* PBXTargetDependency */ = {
			isa = PBXTargetDependency;
			target = 82AD3F2A1C15CF5B003E9D95 /* DemoAutoLayoutAnimation */;
			targetProxy = 82AD3F451C15CF5B003E9D95 /* PBXContainerItemProxy */;
		};
		82AD3F511C15CF5B003E9D95 /* PBXTargetDependency */ = {
			isa = PBXTargetDependency;
			target = 82AD3F2A1C15CF5B003E9D95 /* DemoAutoLayoutAnimation */;
			targetProxy = 82AD3F501C15CF5B003E9D95 /* PBXContainerItemProxy */;
		};
/* End PBXTargetDependency section */

/* Begin PBXVariantGroup section */
		82AD3F371C15CF5B003E9D95 /* Main.storyboard */ = {
			isa = PBXVariantGroup;
			children = (
				82AD3F381C15CF5B003E9D95 /* Base */,
			);
			name = Main.storyboard;
			sourceTree = "<group>";
		};
		82AD3F3C1C15CF5B003E9D95 /* LaunchScreen.storyboard */ = {
			isa = PBXVariantGroup;
			children = (
				82AD3F3D1C15CF5B003E9D95 /* Base */,
			);
			name = LaunchScreen.storyboard;
			sourceTree = "<group>";
		};
/* End PBXVariantGroup section */

/* Begin XCBuildConfiguration section */
		82AD3F561C15CF5B003E9D95 /* Debug */ = {
			isa = XCBuildConfiguration;
			buildSettings = {
				ALWAYS_SEARCH_USER_PATHS = NO;
				CLANG_CXX_LANGUAGE_STANDARD = "gnu++0x";
				CLANG_CXX_LIBRARY = "libc++";
				CLANG_ENABLE_MODULES = YES;
				CLANG_ENABLE_OBJC_ARC = YES;
				CLANG_WARN_BOOL_CONVERSION = YES;
				CLANG_WARN_CONSTANT_CONVERSION = YES;
				CLANG_WARN_DIRECT_OBJC_ISA_USAGE = YES_ERROR;
				CLANG_WARN_EMPTY_BODY = YES;
				CLANG_WARN_ENUM_CONVERSION = YES;
				CLANG_WARN_INT_CONVERSION = YES;
				CLANG_WARN_OBJC_ROOT_CLASS = YES_ERROR;
				CLANG_WARN_UNREACHABLE_CODE = YES;
				CLANG_WARN__DUPLICATE_METHOD_MATCH = YES;
				"CODE_SIGN_IDENTITY[sdk=iphoneos*]" = "iPhone Developer";
				COPY_PHASE_STRIP = NO;
				DEBUG_INFORMATION_FORMAT = dwarf;
				ENABLE_STRICT_OBJC_MSGSEND = YES;
				ENABLE_TESTABILITY = YES;
				GCC_C_LANGUAGE_STANDARD = gnu99;
				GCC_DYNAMIC_NO_PIC = NO;
				GCC_NO_COMMON_BLOCKS = YES;
				GCC_OPTIMIZATION_LEVEL = 0;
				GCC_PREPROCESSOR_DEFINITIONS = (
					"DEBUG=1",
					"$(inherited)",
				);
				GCC_WARN_64_TO_32_BIT_CONVERSION = YES;
				GCC_WARN_ABOUT_RETURN_TYPE = YES_ERROR;
				GCC_WARN_UNDECLARED_SELECTOR = YES;
				GCC_WARN_UNINITIALIZED_AUTOS = YES_AGGRESSIVE;
				GCC_WARN_UNUSED_FUNCTION = YES;
				GCC_WARN_UNUSED_VARIABLE = YES;
				IPHONEOS_DEPLOYMENT_TARGET = 9.1;
				MTL_ENABLE_DEBUG_INFO = YES;
				ONLY_ACTIVE_ARCH = YES;
				SDKROOT = iphoneos;
				TARGETED_DEVICE_FAMILY = "1,2";
			};
			name = Debug;
		};
		82AD3F571C15CF5B003E9D95 /* Release */ = {
			isa = XCBuildConfiguration;
			buildSettings = {
				ALWAYS_SEARCH_USER_PATHS = NO;
				CLANG_CXX_LANGUAGE_STANDARD = "gnu++0x";
				CLANG_CXX_LIBRARY = "libc++";
				CLANG_ENABLE_MODULES = YES;
				CLANG_ENABLE_OBJC_ARC = YES;
				CLANG_WARN_BOOL_CONVERSION = YES;
				CLANG_WARN_CONSTANT_CONVERSION = YES;
				CLANG_WARN_DIRECT_OBJC_ISA_USAGE = YES_ERROR;
				CLANG_WARN_EMPTY_BODY = YES;
				CLANG_WARN_ENUM_CONVERSION = YES;
				CLANG_WARN_INT_CONVERSION = YES;
				CLANG_WARN_OBJC_ROOT_CLASS = YES_ERROR;
				CLANG_WARN_UNREACHABLE_CODE = YES;
				CLANG_WARN__DUPLICATE_METHOD_MATCH = YES;
				"CODE_SIGN_IDENTITY[sdk=iphoneos*]" = "iPhone Developer";
				COPY_PHASE_STRIP = NO;
				DEBUG_INFORMATION_FORMAT = "dwarf-with-dsym";
				ENABLE_NS_ASSERTIONS = NO;
				ENABLE_STRICT_OBJC_MSGSEND = YES;
				GCC_C_LANGUAGE_STANDARD = gnu99;
				GCC_NO_COMMON_BLOCKS = YES;
				GCC_WARN_64_TO_32_BIT_CONVERSION = YES;
				GCC_WARN_ABOUT_RETURN_TYPE = YES_ERROR;
				GCC_WARN_UNDECLARED_SELECTOR = YES;
				GCC_WARN_UNINITIALIZED_AUTOS = YES_AGGRESSIVE;
				GCC_WARN_UNUSED_FUNCTION = YES;
				GCC_WARN_UNUSED_VARIABLE = YES;
				IPHONEOS_DEPLOYMENT_TARGET = 9.1;
				MTL_ENABLE_DEBUG_INFO = NO;
				SDKROOT = iphoneos;
				TARGETED_DEVICE_FAMILY = "1,2";
				VALIDATE_PRODUCT = YES;
			};
			name = Release;
		};
		82AD3F591C15CF5B003E9D95 /* Debug */ = {
			isa = XCBuildConfiguration;
			buildSettings = {
				ASSETCATALOG_COMPILER_APPICON_NAME = AppIcon;
				INFOPLIST_FILE = DemoAutoLayoutAnimation/Info.plist;
				LD_RUNPATH_SEARCH_PATHS = "$(inherited) @executable_path/Frameworks";
				PRODUCT_BUNDLE_IDENTIFIER = Hafy.DemoAutoLayoutAnimation;
				PRODUCT_NAME = "$(TARGET_NAME)";
			};
			name = Debug;
		};
		82AD3F5A1C15CF5B003E9D95 /* Release */ = {
			isa = XCBuildConfiguration;
			buildSettings = {
				ASSETCATALOG_COMPILER_APPICON_NAME = AppIcon;
				INFOPLIST_FILE = DemoAutoLayoutAnimation/Info.plist;
				LD_RUNPATH_SEARCH_PATHS = "$(inherited) @executable_path/Frameworks";
				PRODUCT_BUNDLE_IDENTIFIER = Hafy.DemoAutoLayoutAnimation;
				PRODUCT_NAME = "$(TARGET_NAME)";
			};
			name = Release;
		};
		82AD3F5C1C15CF5B003E9D95 /* Debug */ = {
			isa = XCBuildConfiguration;
			buildSettings = {
				BUNDLE_LOADER = "$(TEST_HOST)";
				INFOPLIST_FILE = DemoAutoLayoutAnimationTests/Info.plist;
				LD_RUNPATH_SEARCH_PATHS = "$(inherited) @executable_path/Frameworks @loader_path/Frameworks";
				PRODUCT_BUNDLE_IDENTIFIER = Hafy.DemoAutoLayoutAnimationTests;
				PRODUCT_NAME = "$(TARGET_NAME)";
				TEST_HOST = "$(BUILT_PRODUCTS_DIR)/DemoAutoLayoutAnimation.app/DemoAutoLayoutAnimation";
			};
			name = Debug;
		};
		82AD3F5D1C15CF5B003E9D95 /* Release */ = {
			isa = XCBuildConfiguration;
			buildSettings = {
				BUNDLE_LOADER = "$(TEST_HOST)";
				INFOPLIST_FILE = DemoAutoLayoutAnimationTests/Info.plist;
				LD_RUNPATH_SEARCH_PATHS = "$(inherited) @executable_path/Frameworks @loader_path/Frameworks";
				PRODUCT_BUNDLE_IDENTIFIER = Hafy.DemoAutoLayoutAnimationTests;
				PRODUCT_NAME = "$(TARGET_NAME)";
				TEST_HOST = "$(BUILT_PRODUCTS_DIR)/DemoAutoLayoutAnimation.app/DemoAutoLayoutAnimation";
			};
			name = Release;
		};
		82AD3F5F1C15CF5B003E9D95 /* Debug */ = {
			isa = XCBuildConfiguration;
			buildSettings = {
				INFOPLIST_FILE = DemoAutoLayoutAnimationUITests/Info.plist;
				LD_RUNPATH_SEARCH_PATHS = "$(inherited) @executable_path/Frameworks @loader_path/Frameworks";
				PRODUCT_BUNDLE_IDENTIFIER = Hafy.DemoAutoLayoutAnimationUITests;
				PRODUCT_NAME = "$(TARGET_NAME)";
				TEST_TARGET_NAME = DemoAutoLayoutAnimation;
				USES_XCTRUNNER = YES;
			};
			name = Debug;
		};
		82AD3F601C15CF5B003E9D95 /* Release */ = {
			isa = XCBuildConfiguration;
			buildSettings = {
				INFOPLIST_FILE = DemoAutoLayoutAnimationUITests/Info.plist;
				LD_RUNPATH_SEARCH_PATHS = "$(inherited) @executable_path/Frameworks @loader_path/Frameworks";
				PRODUCT_BUNDLE_IDENTIFIER = Hafy.DemoAutoLayoutAnimationUITests;
				PRODUCT_NAME = "$(TARGET_NAME)";
				TEST_TARGET_NAME = DemoAutoLayoutAnimation;
				USES_XCTRUNNER = YES;
			};
			name = Release;
		};
/* End XCBuildConfiguration section */

/* Begin XCConfigurationList section */
		82AD3F261C15CF5A003E9D95 /* Build configuration list for PBXProject "DemoAutoLayoutAnimation" */ = {
			isa = XCConfigurationList;
			buildConfigurations = (
				82AD3F561C15CF5B003E9D95 /* Debug */,
				82AD3F571C15CF5B003E9D95 /* Release */,
			);
			defaultConfigurationIsVisible = 0;
			defaultConfigurationName = Release;
		};
		82AD3F581C15CF5B003E9D95 /* Build configuration list for PBXNativeTarget "DemoAutoLayoutAnimation" */ = {
			isa = XCConfigurationList;
			buildConfigurations = (
				82AD3F591C15CF5B003E9D95 /* Debug */,
				82AD3F5A1C15CF5B003E9D95 /* Release */,
			);
			defaultConfigurationIsVisible = 0;
		};
		82AD3F5B1C15CF5B003E9D95 /* Build configuration list for PBXNativeTarget "DemoAutoLayoutAnimationTests" */ = {
			isa = XCConfigurationList;
			buildConfigurations = (
				82AD3F5C1C15CF5B003E9D95 /* Debug */,
				82AD3F5D1C15CF5B003E9D95 /* Release */,
			);
			defaultConfigurationIsVisible = 0;
		};
		82AD3F5E1C15CF5B003E9D95 /* Build configuration list for PBXNativeTarget "DemoAutoLayoutAnimationUITests" */ = {
			isa = XCConfigurationList;
			buildConfigurations = (
				82AD3F5F1C15CF5B003E9D95 /* Debug */,
				82AD3F601C15CF5B003E9D95 /* Release */,
			);
			defaultConfigurationIsVisible = 0;
		};
/* End XCConfigurationList section */
	};
	rootObject = 82AD3F231C15CF5A003E9D95 /* Project object */;
}
